// !$*UTF8*$!
{
	archiveVersion = 1;
	classes = {
	};
	objectVersion = 46;
	objects = {

/* Begin PBXBuildFile section */
		1F0633A51B40853100110D26 /* TeamFinalResultsTableViewCell.m in Sources */ = {isa = PBXBuildFile; fileRef = 1F0633A41B40853100110D26 /* TeamFinalResultsTableViewCell.m */; };
		1F0633AB1B40937100110D26 /* TeamDivResultTableViewCell.m in Sources */ = {isa = PBXBuildFile; fileRef = 1F0633AA1B40937100110D26 /* TeamDivResultTableViewCell.m */; };
		1F0633AE1B40953100110D26 /* TeamDivResultViewController.m in Sources */ = {isa = PBXBuildFile; fileRef = 1F0633AD1B40953100110D26 /* TeamDivResultViewController.m */; };
		1F0633B11B409B9600110D26 /* TeamEventResultsViewController.m in Sources */ = {isa = PBXBuildFile; fileRef = 1F0633B01B409B9600110D26 /* TeamEventResultsViewController.m */; };
		1F0633B51B409C4500110D26 /* TeamEventResultTableViewCell.m in Sources */ = {isa = PBXBuildFile; fileRef = 1F0633B41B409C4500110D26 /* TeamEventResultTableViewCell.m */; };
		1F0633B91B409CF500110D26 /* TeamCompetitorResultTableViewCell.m in Sources */ = {isa = PBXBuildFile; fileRef = 1F0633B81B409CF500110D26 /* TeamCompetitorResultTableViewCell.m */; };
		1F0633BC1B409D4800110D26 /* TeamCompetitorResultsViewController.m in Sources */ = {isa = PBXBuildFile; fileRef = 1F0633BB1B409D4800110D26 /* TeamCompetitorResultsViewController.m */; };
		1F095F301B0FB765000FE30A /* main.m in Sources */ = {isa = PBXBuildFile; fileRef = 1F095F2F1B0FB765000FE30A /* main.m */; };
		1F095F331B0FB765000FE30A /* AppDelegate.m in Sources */ = {isa = PBXBuildFile; fileRef = 1F095F321B0FB765000FE30A /* AppDelegate.m */; };
		1F095F411B0FB765000FE30A /* Images.xcassets in Resources */ = {isa = PBXBuildFile; fileRef = 1F095F401B0FB765000FE30A /* Images.xcassets */; };
		1F095F501B0FB765000FE30A /* Athletics_Meet_ManagerTests.m in Sources */ = {isa = PBXBuildFile; fileRef = 1F095F4F1B0FB765000FE30A /* Athletics_Meet_ManagerTests.m */; };
		1F1A3E9F1B695AD200F8D950 /* Event.m in Sources */ = {isa = PBXBuildFile; fileRef = 1F1A3E9E1B695AD200F8D950 /* Event.m */; };
		1F1A3EA51B695AD300F8D950 /* Team.m in Sources */ = {isa = PBXBuildFile; fileRef = 1F1A3EA41B695AD300F8D950 /* Team.m */; };
		1F1A3EA81B695AD300F8D950 /* Competitor.m in Sources */ = {isa = PBXBuildFile; fileRef = 1F1A3EA71B695AD300F8D950 /* Competitor.m */; };
		1F1A3EAB1B695AD300F8D950 /* GEvent.m in Sources */ = {isa = PBXBuildFile; fileRef = 1F1A3EAA1B695AD300F8D950 /* GEvent.m */; };
		1F1A3EAE1B695AD400F8D950 /* CEventScore.m in Sources */ = {isa = PBXBuildFile; fileRef = 1F1A3EAD1B695AD400F8D950 /* CEventScore.m */; };
		1F1A3EB11B695AD400F8D950 /* Division.m in Sources */ = {isa = PBXBuildFile; fileRef = 1F1A3EB01B695AD400F8D950 /* Division.m */; };
		1F1A3EB41B6981EF00F8D950 /* Meet.m in Sources */ = {isa = PBXBuildFile; fileRef = 1F1A3EB31B6981EF00F8D950 /* Meet.m */; };
		1F54BD711B48E3A70046BA87 /* Main.storyboard in Resources */ = {isa = PBXBuildFile; fileRef = 1F095F3D1B0FB765000FE30A /* Main.storyboard */; };
		1F54BD721B48E41D0046BA87 /* LaunchScreen.xib in Resources */ = {isa = PBXBuildFile; fileRef = 1F095F421B0FB765000FE30A /* LaunchScreen.xib */; };
		1FC88E801B39EEFD00BD0A23 /* HighJumpScoreEnterViewController.m in Sources */ = {isa = PBXBuildFile; fileRef = 1FC88E7F1B39EEFD00BD0A23 /* HighJumpScoreEnterViewController.m */; };
		1FC88E861B3C9A2D00BD0A23 /* CEventResultTableViewCell.m in Sources */ = {isa = PBXBuildFile; fileRef = 1FC88E851B3C9A2D00BD0A23 /* CEventResultTableViewCell.m */; };
		1FD021FA1B13BA6900F40102 /* MeetTableViewCell.m in Sources */ = {isa = PBXBuildFile; fileRef = 1FD021F91B13BA6900F40102 /* MeetTableViewCell.m */; };
		1FD022001B13CA0500F40102 /* Athletics_Meet_Manager.xcdatamodeld in Sources */ = {isa = PBXBuildFile; fileRef = 1FD021FE1B13CA0400F40102 /* Athletics_Meet_Manager.xcdatamodeld */; };
		1FD6B6391B15DDD200F05968 /* MeetAddViewController.m in Sources */ = {isa = PBXBuildFile; fileRef = 1FD6B6381B15DDD200F05968 /* MeetAddViewController.m */; };
		1FD6B63B1B170DC700F05968 /* TempCode in Resources */ = {isa = PBXBuildFile; fileRef = 1FD6B63A1B170DC700F05968 /* TempCode */; };
		1FD6B6411B171F4200F05968 /* MeetMenuViewController.m in Sources */ = {isa = PBXBuildFile; fileRef = 1FD6B6401B171F4200F05968 /* MeetMenuViewController.m */; };
		1FD6B6471B17224300F05968 /* MeetMenuViewCell.m in Sources */ = {isa = PBXBuildFile; fileRef = 1FD6B6461B17224300F05968 /* MeetMenuViewCell.m */; };
		1FD6B64A1B17363C00F05968 /* SetupDivViewController.m in Sources */ = {isa = PBXBuildFile; fileRef = 1FD6B6491B17363C00F05968 /* SetupDivViewController.m */; };
		1FD6B64D1B17365300F05968 /* SetupGEventsViewController.m in Sources */ = {isa = PBXBuildFile; fileRef = 1FD6B64C1B17365300F05968 /* SetupGEventsViewController.m */; };
		1FD6B6501B17366900F05968 /* SetupTeamsViewController.m in Sources */ = {isa = PBXBuildFile; fileRef = 1FD6B64F1B17366900F05968 /* SetupTeamsViewController.m */; };
		1FD6B6531B17368300F05968 /* EnterResultsViewController.m in Sources */ = {isa = PBXBuildFile; fileRef = 1FD6B6521B17368300F05968 /* EnterResultsViewController.m */; };
		1FD6B6561B1736AA00F05968 /* FinalResultsViewController.m in Sources */ = {isa = PBXBuildFile; fileRef = 1FD6B6551B1736AA00F05968 /* FinalResultsViewController.m */; };
		1FD6B6651B17438500F05968 /* DivAddViewController.m in Sources */ = {isa = PBXBuildFile; fileRef = 1FD6B6641B17438500F05968 /* DivAddViewController.m */; };
		1FD6B6681B1747FA00F05968 /* DivTableViewCell.m in Sources */ = {isa = PBXBuildFile; fileRef = 1FD6B6671B1747FA00F05968 /* DivTableViewCell.m */; };
		1FD6B66D1B18847E00F05968 /* GEventAddViewController.m in Sources */ = {isa = PBXBuildFile; fileRef = 1FD6B66C1B18847E00F05968 /* GEventAddViewController.m */; };
		1FD6B6701B1884E200F05968 /* TeamAddViewController.m in Sources */ = {isa = PBXBuildFile; fileRef = 1FD6B66F1B1884E200F05968 /* TeamAddViewController.m */; };
		1FD6B6731B18851500F05968 /* GEventTableViewCell.m in Sources */ = {isa = PBXBuildFile; fileRef = 1FD6B6721B18851500F05968 /* GEventTableViewCell.m */; };
		1FD6B6761B18852E00F05968 /* TeamTableViewCell.m in Sources */ = {isa = PBXBuildFile; fileRef = 1FD6B6751B18852E00F05968 /* TeamTableViewCell.m */; };
		1FD6B67B1B1E44DE00F05968 /* SetupCompetitorsViewController.m in Sources */ = {isa = PBXBuildFile; fileRef = 1FD6B67A1B1E44DE00F05968 /* SetupCompetitorsViewController.m */; };
		1FD6B67E1B1E453F00F05968 /* CompetitorTableViewCell.m in Sources */ = {isa = PBXBuildFile; fileRef = 1FD6B67D1B1E453F00F05968 /* CompetitorTableViewCell.m */; };
		1FD6B6821B1E46CB00F05968 /* CompetitorAddViewController.m in Sources */ = {isa = PBXBuildFile; fileRef = 1FD6B6811B1E46CB00F05968 /* CompetitorAddViewController.m */; };
		1FD6B6861B1E551F00F05968 /* SetupEventsForCViewController.m in Sources */ = {isa = PBXBuildFile; fileRef = 1FD6B6851B1E551F00F05968 /* SetupEventsForCViewController.m */; };
		1FD6B6891B1E554B00F05968 /* EventForCTableViewCell.m in Sources */ = {isa = PBXBuildFile; fileRef = 1FD6B6881B1E554B00F05968 /* EventForCTableViewCell.m */; };
		1FD6B68D1B1E559C00F05968 /* EventForCAddViewController.m in Sources */ = {isa = PBXBuildFile; fileRef = 1FD6B68C1B1E559C00F05968 /* EventForCAddViewController.m */; };
		1FD6B6911B1E5C3600F05968 /* CEventResultViewController.m in Sources */ = {isa = PBXBuildFile; fileRef = 1FD6B6901B1E5C3600F05968 /* CEventResultViewController.m */; };
		1FD6B6941B1F365900F05968 /* EventResultTableViewCell.m in Sources */ = {isa = PBXBuildFile; fileRef = 1FD6B6931B1F365900F05968 /* EventResultTableViewCell.m */; };
		1FD6B6981B1F373100F05968 /* EventScoreSheetViewController.m in Sources */ = {isa = PBXBuildFile; fileRef = 1FD6B6971B1F373100F05968 /* EventScoreSheetViewController.m */; };
		1FD6B69C1B1F37A200F05968 /* EventScoreAddViewController.m in Sources */ = {isa = PBXBuildFile; fileRef = 1FD6B69B1B1F37A200F05968 /* EventScoreAddViewController.m */; };
		1FD6B69F1B1F37E300F05968 /* EventScoreTableViewCell.m in Sources */ = {isa = PBXBuildFile; fileRef = 1FD6B69E1B1F37E300F05968 /* EventScoreTableViewCell.m */; };
		1FD6B6A21B1F429500F05968 /* CompetitorScoreEnterViewController.m in Sources */ = {isa = PBXBuildFile; fileRef = 1FD6B6A11B1F429500F05968 /* CompetitorScoreEnterViewController.m */; };
		1FDA11ED1B2C971200CBE9E6 /* CompetitorAddInResultSheetViewController.m in Sources */ = {isa = PBXBuildFile; fileRef = 1FDA11EC1B2C971200CBE9E6 /* CompetitorAddInResultSheetViewController.m */; };
		1FDEC0DB1B48D35400B1CB21 /* Lanes.jpg in Resources */ = {isa = PBXBuildFile; fileRef = 1FDEC0DA1B48D35400B1CB21 /* Lanes.jpg */; };
		1FE6D9AE1B62686F00F921A6 /* CloudKit.framework in Frameworks */ = {isa = PBXBuildFile; fileRef = 1FE6D9AD1B62686F00F921A6 /* CloudKit.framework */; };
		1FFB4F7C1B1535C100C6309C /* CoreData.framework in Frameworks */ = {isa = PBXBuildFile; fileRef = 1FFB4F7B1B1535C100C6309C /* CoreData.framework */; };
		84B5B8431B15C81D00529756 /* MasterViewController.m in Sources */ = {isa = PBXBuildFile; fileRef = 84B5B8421B15C81D00529756 /* MasterViewController.m */; };
/* End PBXBuildFile section */

/* Begin PBXContainerItemProxy section */
		1F095F4A1B0FB765000FE30A /* PBXContainerItemProxy */ = {
			isa = PBXContainerItemProxy;
			containerPortal = 1F095F221B0FB765000FE30A /* Project object */;
			proxyType = 1;
			remoteGlobalIDString = 1F095F291B0FB765000FE30A;
			remoteInfo = "Athletics Meet Manager";
		};
/* End PBXContainerItemProxy section */

/* Begin PBXFileReference section */
		1F0633A31B40853100110D26 /* TeamFinalResultsTableViewCell.h */ = {isa = PBXFileReference; fileEncoding = 4; lastKnownFileType = sourcecode.c.h; path = TeamFinalResultsTableViewCell.h; sourceTree = "<group>"; };
		1F0633A41B40853100110D26 /* TeamFinalResultsTableViewCell.m */ = {isa = PBXFileReference; fileEncoding = 4; lastKnownFileType = sourcecode.c.objc; path = TeamFinalResultsTableViewCell.m; sourceTree = "<group>"; };
		1F0633A91B40937100110D26 /* TeamDivResultTableViewCell.h */ = {isa = PBXFileReference; fileEncoding = 4; lastKnownFileType = sourcecode.c.h; path = TeamDivResultTableViewCell.h; sourceTree = "<group>"; };
		1F0633AA1B40937100110D26 /* TeamDivResultTableViewCell.m */ = {isa = PBXFileReference; fileEncoding = 4; lastKnownFileType = sourcecode.c.objc; path = TeamDivResultTableViewCell.m; sourceTree = "<group>"; };
		1F0633AC1B40953100110D26 /* TeamDivResultViewController.h */ = {isa = PBXFileReference; fileEncoding = 4; lastKnownFileType = sourcecode.c.h; path = TeamDivResultViewController.h; sourceTree = "<group>"; };
		1F0633AD1B40953100110D26 /* TeamDivResultViewController.m */ = {isa = PBXFileReference; fileEncoding = 4; lastKnownFileType = sourcecode.c.objc; path = TeamDivResultViewController.m; sourceTree = "<group>"; };
		1F0633AF1B409B9600110D26 /* TeamEventResultsViewController.h */ = {isa = PBXFileReference; fileEncoding = 4; lastKnownFileType = sourcecode.c.h; path = TeamEventResultsViewController.h; sourceTree = "<group>"; };
		1F0633B01B409B9600110D26 /* TeamEventResultsViewController.m */ = {isa = PBXFileReference; fileEncoding = 4; lastKnownFileType = sourcecode.c.objc; path = TeamEventResultsViewController.m; sourceTree = "<group>"; };
		1F0633B31B409C4500110D26 /* TeamEventResultTableViewCell.h */ = {isa = PBXFileReference; fileEncoding = 4; lastKnownFileType = sourcecode.c.h; path = TeamEventResultTableViewCell.h; sourceTree = "<group>"; };
		1F0633B41B409C4500110D26 /* TeamEventResultTableViewCell.m */ = {isa = PBXFileReference; fileEncoding = 4; lastKnownFileType = sourcecode.c.objc; path = TeamEventResultTableViewCell.m; sourceTree = "<group>"; };
		1F0633B71B409CF500110D26 /* TeamCompetitorResultTableViewCell.h */ = {isa = PBXFileReference; fileEncoding = 4; lastKnownFileType = sourcecode.c.h; path = TeamCompetitorResultTableViewCell.h; sourceTree = "<group>"; };
		1F0633B81B409CF500110D26 /* TeamCompetitorResultTableViewCell.m */ = {isa = PBXFileReference; fileEncoding = 4; lastKnownFileType = sourcecode.c.objc; path = TeamCompetitorResultTableViewCell.m; sourceTree = "<group>"; };
		1F0633BA1B409D4800110D26 /* TeamCompetitorResultsViewController.h */ = {isa = PBXFileReference; fileEncoding = 4; lastKnownFileType = sourcecode.c.h; path = TeamCompetitorResultsViewController.h; sourceTree = "<group>"; };
		1F0633BB1B409D4800110D26 /* TeamCompetitorResultsViewController.m */ = {isa = PBXFileReference; fileEncoding = 4; lastKnownFileType = sourcecode.c.objc; path = TeamCompetitorResultsViewController.m; sourceTree = "<group>"; };
		1F095F2A1B0FB765000FE30A /* Athletics Meet Manager.app */ = {isa = PBXFileReference; explicitFileType = wrapper.application; includeInIndex = 0; path = "Athletics Meet Manager.app"; sourceTree = BUILT_PRODUCTS_DIR; };
		1F095F2E1B0FB765000FE30A /* Info.plist */ = {isa = PBXFileReference; lastKnownFileType = text.plist.xml; path = Info.plist; sourceTree = "<group>"; };
		1F095F2F1B0FB765000FE30A /* main.m */ = {isa = PBXFileReference; lastKnownFileType = sourcecode.c.objc; path = main.m; sourceTree = "<group>"; };
		1F095F311B0FB765000FE30A /* AppDelegate.h */ = {isa = PBXFileReference; lastKnownFileType = sourcecode.c.h; path = AppDelegate.h; sourceTree = "<group>"; };
		1F095F321B0FB765000FE30A /* AppDelegate.m */ = {isa = PBXFileReference; lastKnownFileType = sourcecode.c.objc; path = AppDelegate.m; sourceTree = "<group>"; };
		1F095F371B0FB765000FE30A /* MasterViewController.h */ = {isa = PBXFileReference; lastKnownFileType = sourcecode.c.h; path = MasterViewController.h; sourceTree = "<group>"; };
		1F095F3E1B0FB765000FE30A /* Base */ = {isa = PBXFileReference; lastKnownFileType = file.storyboard; name = Base; path = Base.lproj/Main.storyboard; sourceTree = "<group>"; };
		1F095F401B0FB765000FE30A /* Images.xcassets */ = {isa = PBXFileReference; lastKnownFileType = folder.assetcatalog; path = Images.xcassets; sourceTree = "<group>"; };
		1F095F431B0FB765000FE30A /* Base */ = {isa = PBXFileReference; lastKnownFileType = file.xib; name = Base; path = Base.lproj/LaunchScreen.xib; sourceTree = "<group>"; };
		1F095F491B0FB765000FE30A /* Athletics Meet ManagerTests.xctest */ = {isa = PBXFileReference; explicitFileType = wrapper.cfbundle; includeInIndex = 0; path = "Athletics Meet ManagerTests.xctest"; sourceTree = BUILT_PRODUCTS_DIR; };
		1F095F4E1B0FB765000FE30A /* Info.plist */ = {isa = PBXFileReference; lastKnownFileType = text.plist.xml; path = Info.plist; sourceTree = "<group>"; };
		1F095F4F1B0FB765000FE30A /* Athletics_Meet_ManagerTests.m */ = {isa = PBXFileReference; lastKnownFileType = sourcecode.c.objc; path = Athletics_Meet_ManagerTests.m; sourceTree = "<group>"; };
		1F1A3E9C1B6958BD00F8D950 /* Athletics_Meet_Manager 2.xcdatamodel */ = {isa = PBXFileReference; lastKnownFileType = wrapper.xcdatamodel; path = "Athletics_Meet_Manager 2.xcdatamodel"; sourceTree = "<group>"; };
		1F1A3E9D1B695AD200F8D950 /* Event.h */ = {isa = PBXFileReference; fileEncoding = 4; lastKnownFileType = sourcecode.c.h; path = Event.h; sourceTree = "<group>"; };
		1F1A3E9E1B695AD200F8D950 /* Event.m */ = {isa = PBXFileReference; fileEncoding = 4; lastKnownFileType = sourcecode.c.objc; path = Event.m; sourceTree = "<group>"; };
		1F1A3EA31B695AD300F8D950 /* Team.h */ = {isa = PBXFileReference; fileEncoding = 4; lastKnownFileType = sourcecode.c.h; path = Team.h; sourceTree = "<group>"; };
		1F1A3EA41B695AD300F8D950 /* Team.m */ = {isa = PBXFileReference; fileEncoding = 4; lastKnownFileType = sourcecode.c.objc; path = Team.m; sourceTree = "<group>"; };
		1F1A3EA61B695AD300F8D950 /* Competitor.h */ = {isa = PBXFileReference; fileEncoding = 4; lastKnownFileType = sourcecode.c.h; path = Competitor.h; sourceTree = "<group>"; };
		1F1A3EA71B695AD300F8D950 /* Competitor.m */ = {isa = PBXFileReference; fileEncoding = 4; lastKnownFileType = sourcecode.c.objc; path = Competitor.m; sourceTree = "<group>"; };
		1F1A3EA91B695AD300F8D950 /* GEvent.h */ = {isa = PBXFileReference; fileEncoding = 4; lastKnownFileType = sourcecode.c.h; path = GEvent.h; sourceTree = "<group>"; };
		1F1A3EAA1B695AD300F8D950 /* GEvent.m */ = {isa = PBXFileReference; fileEncoding = 4; lastKnownFileType = sourcecode.c.objc; path = GEvent.m; sourceTree = "<group>"; };
		1F1A3EAC1B695AD400F8D950 /* CEventScore.h */ = {isa = PBXFileReference; fileEncoding = 4; lastKnownFileType = sourcecode.c.h; path = CEventScore.h; sourceTree = "<group>"; };
		1F1A3EAD1B695AD400F8D950 /* CEventScore.m */ = {isa = PBXFileReference; fileEncoding = 4; lastKnownFileType = sourcecode.c.objc; path = CEventScore.m; sourceTree = "<group>"; };
		1F1A3EAF1B695AD400F8D950 /* Division.h */ = {isa = PBXFileReference; fileEncoding = 4; lastKnownFileType = sourcecode.c.h; path = Division.h; sourceTree = "<group>"; };
		1F1A3EB01B695AD400F8D950 /* Division.m */ = {isa = PBXFileReference; fileEncoding = 4; lastKnownFileType = sourcecode.c.objc; path = Division.m; sourceTree = "<group>"; };
		1F1A3EB21B6981EF00F8D950 /* Meet.h */ = {isa = PBXFileReference; fileEncoding = 4; lastKnownFileType = sourcecode.c.h; path = Meet.h; sourceTree = "<group>"; };
		1F1A3EB31B6981EF00F8D950 /* Meet.m */ = {isa = PBXFileReference; fileEncoding = 4; lastKnownFileType = sourcecode.c.objc; path = Meet.m; sourceTree = "<group>"; };
		1FC88E7E1B39EEFD00BD0A23 /* HighJumpScoreEnterViewController.h */ = {isa = PBXFileReference; fileEncoding = 4; lastKnownFileType = sourcecode.c.h; path = HighJumpScoreEnterViewController.h; sourceTree = "<group>"; };
		1FC88E7F1B39EEFD00BD0A23 /* HighJumpScoreEnterViewController.m */ = {isa = PBXFileReference; fileEncoding = 4; lastKnownFileType = sourcecode.c.objc; path = HighJumpScoreEnterViewController.m; sourceTree = "<group>"; };
		1FC88E841B3C9A2D00BD0A23 /* CEventResultTableViewCell.h */ = {isa = PBXFileReference; fileEncoding = 4; lastKnownFileType = sourcecode.c.h; path = CEventResultTableViewCell.h; sourceTree = "<group>"; };
		1FC88E851B3C9A2D00BD0A23 /* CEventResultTableViewCell.m */ = {isa = PBXFileReference; fileEncoding = 4; lastKnownFileType = sourcecode.c.objc; path = CEventResultTableViewCell.m; sourceTree = "<group>"; };
		1FD021F81B13BA6900F40102 /* MeetTableViewCell.h */ = {isa = PBXFileReference; fileEncoding = 4; lastKnownFileType = sourcecode.c.h; path = MeetTableViewCell.h; sourceTree = "<group>"; };
		1FD021F91B13BA6900F40102 /* MeetTableViewCell.m */ = {isa = PBXFileReference; fileEncoding = 4; lastKnownFileType = sourcecode.c.objc; path = MeetTableViewCell.m; sourceTree = "<group>"; };
		1FD021FF1B13CA0500F40102 /* Athletics_Meet_Manager.xcdatamodel */ = {isa = PBXFileReference; lastKnownFileType = wrapper.xcdatamodel; path = Athletics_Meet_Manager.xcdatamodel; sourceTree = "<group>"; };
		1FD6B6371B15DDD200F05968 /* MeetAddViewController.h */ = {isa = PBXFileReference; fileEncoding = 4; lastKnownFileType = sourcecode.c.h; path = MeetAddViewController.h; sourceTree = "<group>"; };
		1FD6B6381B15DDD200F05968 /* MeetAddViewController.m */ = {isa = PBXFileReference; fileEncoding = 4; lastKnownFileType = sourcecode.c.objc; path = MeetAddViewController.m; sourceTree = "<group>"; };
		1FD6B63A1B170DC700F05968 /* TempCode */ = {isa = PBXFileReference; fileEncoding = 4; lastKnownFileType = text; path = TempCode; sourceTree = "<group>"; };
		1FD6B63F1B171F4200F05968 /* MeetMenuViewController.h */ = {isa = PBXFileReference; fileEncoding = 4; lastKnownFileType = sourcecode.c.h; path = MeetMenuViewController.h; sourceTree = "<group>"; };
		1FD6B6401B171F4200F05968 /* MeetMenuViewController.m */ = {isa = PBXFileReference; fileEncoding = 4; lastKnownFileType = sourcecode.c.objc; path = MeetMenuViewController.m; sourceTree = "<group>"; };
		1FD6B6451B17224300F05968 /* MeetMenuViewCell.h */ = {isa = PBXFileReference; fileEncoding = 4; lastKnownFileType = sourcecode.c.h; path = MeetMenuViewCell.h; sourceTree = "<group>"; };
		1FD6B6461B17224300F05968 /* MeetMenuViewCell.m */ = {isa = PBXFileReference; fileEncoding = 4; lastKnownFileType = sourcecode.c.objc; path = MeetMenuViewCell.m; sourceTree = "<group>"; };
		1FD6B6481B17363C00F05968 /* SetupDivViewController.h */ = {isa = PBXFileReference; fileEncoding = 4; lastKnownFileType = sourcecode.c.h; path = SetupDivViewController.h; sourceTree = "<group>"; };
		1FD6B6491B17363C00F05968 /* SetupDivViewController.m */ = {isa = PBXFileReference; fileEncoding = 4; lastKnownFileType = sourcecode.c.objc; path = SetupDivViewController.m; sourceTree = "<group>"; };
		1FD6B64B1B17365300F05968 /* SetupGEventsViewController.h */ = {isa = PBXFileReference; fileEncoding = 4; lastKnownFileType = sourcecode.c.h; path = SetupGEventsViewController.h; sourceTree = "<group>"; };
		1FD6B64C1B17365300F05968 /* SetupGEventsViewController.m */ = {isa = PBXFileReference; fileEncoding = 4; lastKnownFileType = sourcecode.c.objc; path = SetupGEventsViewController.m; sourceTree = "<group>"; };
		1FD6B64E1B17366900F05968 /* SetupTeamsViewController.h */ = {isa = PBXFileReference; fileEncoding = 4; lastKnownFileType = sourcecode.c.h; path = SetupTeamsViewController.h; sourceTree = "<group>"; };
		1FD6B64F1B17366900F05968 /* SetupTeamsViewController.m */ = {isa = PBXFileReference; fileEncoding = 4; lastKnownFileType = sourcecode.c.objc; path = SetupTeamsViewController.m; sourceTree = "<group>"; };
		1FD6B6511B17368300F05968 /* EnterResultsViewController.h */ = {isa = PBXFileReference; fileEncoding = 4; lastKnownFileType = sourcecode.c.h; path = EnterResultsViewController.h; sourceTree = "<group>"; };
		1FD6B6521B17368300F05968 /* EnterResultsViewController.m */ = {isa = PBXFileReference; fileEncoding = 4; lastKnownFileType = sourcecode.c.objc; path = EnterResultsViewController.m; sourceTree = "<group>"; };
		1FD6B6541B1736AA00F05968 /* FinalResultsViewController.h */ = {isa = PBXFileReference; fileEncoding = 4; lastKnownFileType = sourcecode.c.h; path = FinalResultsViewController.h; sourceTree = "<group>"; };
		1FD6B6551B1736AA00F05968 /* FinalResultsViewController.m */ = {isa = PBXFileReference; fileEncoding = 4; lastKnownFileType = sourcecode.c.objc; path = FinalResultsViewController.m; sourceTree = "<group>"; };
		1FD6B6631B17438500F05968 /* DivAddViewController.h */ = {isa = PBXFileReference; fileEncoding = 4; lastKnownFileType = sourcecode.c.h; path = DivAddViewController.h; sourceTree = "<group>"; };
		1FD6B6641B17438500F05968 /* DivAddViewController.m */ = {isa = PBXFileReference; fileEncoding = 4; lastKnownFileType = sourcecode.c.objc; path = DivAddViewController.m; sourceTree = "<group>"; };
		1FD6B6661B1747FA00F05968 /* DivTableViewCell.h */ = {isa = PBXFileReference; fileEncoding = 4; lastKnownFileType = sourcecode.c.h; path = DivTableViewCell.h; sourceTree = "<group>"; };
		1FD6B6671B1747FA00F05968 /* DivTableViewCell.m */ = {isa = PBXFileReference; fileEncoding = 4; lastKnownFileType = sourcecode.c.objc; path = DivTableViewCell.m; sourceTree = "<group>"; };
		1FD6B66B1B18847E00F05968 /* GEventAddViewController.h */ = {isa = PBXFileReference; fileEncoding = 4; lastKnownFileType = sourcecode.c.h; path = GEventAddViewController.h; sourceTree = "<group>"; };
		1FD6B66C1B18847E00F05968 /* GEventAddViewController.m */ = {isa = PBXFileReference; fileEncoding = 4; lastKnownFileType = sourcecode.c.objc; path = GEventAddViewController.m; sourceTree = "<group>"; };
		1FD6B66E1B1884E200F05968 /* TeamAddViewController.h */ = {isa = PBXFileReference; fileEncoding = 4; lastKnownFileType = sourcecode.c.h; path = TeamAddViewController.h; sourceTree = "<group>"; };
		1FD6B66F1B1884E200F05968 /* TeamAddViewController.m */ = {isa = PBXFileReference; fileEncoding = 4; lastKnownFileType = sourcecode.c.objc; path = TeamAddViewController.m; sourceTree = "<group>"; };
		1FD6B6711B18851500F05968 /* GEventTableViewCell.h */ = {isa = PBXFileReference; fileEncoding = 4; lastKnownFileType = sourcecode.c.h; path = GEventTableViewCell.h; sourceTree = "<group>"; };
		1FD6B6721B18851500F05968 /* GEventTableViewCell.m */ = {isa = PBXFileReference; fileEncoding = 4; lastKnownFileType = sourcecode.c.objc; path = GEventTableViewCell.m; sourceTree = "<group>"; };
		1FD6B6741B18852E00F05968 /* TeamTableViewCell.h */ = {isa = PBXFileReference; fileEncoding = 4; lastKnownFileType = sourcecode.c.h; path = TeamTableViewCell.h; sourceTree = "<group>"; };
		1FD6B6751B18852E00F05968 /* TeamTableViewCell.m */ = {isa = PBXFileReference; fileEncoding = 4; lastKnownFileType = sourcecode.c.objc; path = TeamTableViewCell.m; sourceTree = "<group>"; };
		1FD6B6791B1E44DE00F05968 /* SetupCompetitorsViewController.h */ = {isa = PBXFileReference; fileEncoding = 4; lastKnownFileType = sourcecode.c.h; path = SetupCompetitorsViewController.h; sourceTree = "<group>"; };
		1FD6B67A1B1E44DE00F05968 /* SetupCompetitorsViewController.m */ = {isa = PBXFileReference; fileEncoding = 4; lastKnownFileType = sourcecode.c.objc; path = SetupCompetitorsViewController.m; sourceTree = "<group>"; };
		1FD6B67C1B1E453F00F05968 /* CompetitorTableViewCell.h */ = {isa = PBXFileReference; fileEncoding = 4; lastKnownFileType = sourcecode.c.h; path = CompetitorTableViewCell.h; sourceTree = "<group>"; };
		1FD6B67D1B1E453F00F05968 /* CompetitorTableViewCell.m */ = {isa = PBXFileReference; fileEncoding = 4; lastKnownFileType = sourcecode.c.objc; path = CompetitorTableViewCell.m; sourceTree = "<group>"; };
		1FD6B6801B1E46CB00F05968 /* CompetitorAddViewController.h */ = {isa = PBXFileReference; fileEncoding = 4; lastKnownFileType = sourcecode.c.h; path = CompetitorAddViewController.h; sourceTree = "<group>"; };
		1FD6B6811B1E46CB00F05968 /* CompetitorAddViewController.m */ = {isa = PBXFileReference; fileEncoding = 4; lastKnownFileType = sourcecode.c.objc; path = CompetitorAddViewController.m; sourceTree = "<group>"; };
		1FD6B6841B1E551F00F05968 /* SetupEventsForCViewController.h */ = {isa = PBXFileReference; fileEncoding = 4; lastKnownFileType = sourcecode.c.h; path = SetupEventsForCViewController.h; sourceTree = "<group>"; };
		1FD6B6851B1E551F00F05968 /* SetupEventsForCViewController.m */ = {isa = PBXFileReference; fileEncoding = 4; lastKnownFileType = sourcecode.c.objc; path = SetupEventsForCViewController.m; sourceTree = "<group>"; };
		1FD6B6871B1E554B00F05968 /* EventForCTableViewCell.h */ = {isa = PBXFileReference; fileEncoding = 4; lastKnownFileType = sourcecode.c.h; path = EventForCTableViewCell.h; sourceTree = "<group>"; };
		1FD6B6881B1E554B00F05968 /* EventForCTableViewCell.m */ = {isa = PBXFileReference; fileEncoding = 4; lastKnownFileType = sourcecode.c.objc; path = EventForCTableViewCell.m; sourceTree = "<group>"; };
		1FD6B68B1B1E559C00F05968 /* EventForCAddViewController.h */ = {isa = PBXFileReference; fileEncoding = 4; lastKnownFileType = sourcecode.c.h; path = EventForCAddViewController.h; sourceTree = "<group>"; };
		1FD6B68C1B1E559C00F05968 /* EventForCAddViewController.m */ = {isa = PBXFileReference; fileEncoding = 4; lastKnownFileType = sourcecode.c.objc; path = EventForCAddViewController.m; sourceTree = "<group>"; };
		1FD6B68F1B1E5C3600F05968 /* CEventResultViewController.h */ = {isa = PBXFileReference; fileEncoding = 4; lastKnownFileType = sourcecode.c.h; path = CEventResultViewController.h; sourceTree = "<group>"; };
		1FD6B6901B1E5C3600F05968 /* CEventResultViewController.m */ = {isa = PBXFileReference; fileEncoding = 4; lastKnownFileType = sourcecode.c.objc; path = CEventResultViewController.m; sourceTree = "<group>"; };
		1FD6B6921B1F365900F05968 /* EventResultTableViewCell.h */ = {isa = PBXFileReference; fileEncoding = 4; lastKnownFileType = sourcecode.c.h; path = EventResultTableViewCell.h; sourceTree = "<group>"; };
		1FD6B6931B1F365900F05968 /* EventResultTableViewCell.m */ = {isa = PBXFileReference; fileEncoding = 4; lastKnownFileType = sourcecode.c.objc; path = EventResultTableViewCell.m; sourceTree = "<group>"; };
		1FD6B6961B1F373100F05968 /* EventScoreSheetViewController.h */ = {isa = PBXFileReference; fileEncoding = 4; lastKnownFileType = sourcecode.c.h; path = EventScoreSheetViewController.h; sourceTree = "<group>"; };
		1FD6B6971B1F373100F05968 /* EventScoreSheetViewController.m */ = {isa = PBXFileReference; fileEncoding = 4; lastKnownFileType = sourcecode.c.objc; path = EventScoreSheetViewController.m; sourceTree = "<group>"; };
		1FD6B69A1B1F37A200F05968 /* EventScoreAddViewController.h */ = {isa = PBXFileReference; fileEncoding = 4; lastKnownFileType = sourcecode.c.h; path = EventScoreAddViewController.h; sourceTree = "<group>"; };
		1FD6B69B1B1F37A200F05968 /* EventScoreAddViewController.m */ = {isa = PBXFileReference; fileEncoding = 4; lastKnownFileType = sourcecode.c.objc; path = EventScoreAddViewController.m; sourceTree = "<group>"; };
		1FD6B69D1B1F37E300F05968 /* EventScoreTableViewCell.h */ = {isa = PBXFileReference; fileEncoding = 4; lastKnownFileType = sourcecode.c.h; path = EventScoreTableViewCell.h; sourceTree = "<group>"; };
		1FD6B69E1B1F37E300F05968 /* EventScoreTableViewCell.m */ = {isa = PBXFileReference; fileEncoding = 4; lastKnownFileType = sourcecode.c.objc; path = EventScoreTableViewCell.m; sourceTree = "<group>"; };
		1FD6B6A01B1F429500F05968 /* CompetitorScoreEnterViewController.h */ = {isa = PBXFileReference; fileEncoding = 4; lastKnownFileType = sourcecode.c.h; path = CompetitorScoreEnterViewController.h; sourceTree = "<group>"; };
		1FD6B6A11B1F429500F05968 /* CompetitorScoreEnterViewController.m */ = {isa = PBXFileReference; fileEncoding = 4; lastKnownFileType = sourcecode.c.objc; path = CompetitorScoreEnterViewController.m; sourceTree = "<group>"; };
		1FDA11EB1B2C971200CBE9E6 /* CompetitorAddInResultSheetViewController.h */ = {isa = PBXFileReference; fileEncoding = 4; lastKnownFileType = sourcecode.c.h; path = CompetitorAddInResultSheetViewController.h; sourceTree = "<group>"; };
		1FDA11EC1B2C971200CBE9E6 /* CompetitorAddInResultSheetViewController.m */ = {isa = PBXFileReference; fileEncoding = 4; lastKnownFileType = sourcecode.c.objc; path = CompetitorAddInResultSheetViewController.m; sourceTree = "<group>"; };
		1FDEC0DA1B48D35400B1CB21 /* Lanes.jpg */ = {isa = PBXFileReference; lastKnownFileType = image.jpeg; name = Lanes.jpg; path = ../athleticsimages/Lanes.jpg; sourceTree = "<group>"; };
		1FE6D9AC1B6267FB00F921A6 /* Athletics Meet Manager.entitlements */ = {isa = PBXFileReference; lastKnownFileType = text.xml; path = "Athletics Meet Manager.entitlements"; sourceTree = "<group>"; };
		1FE6D9AD1B62686F00F921A6 /* CloudKit.framework */ = {isa = PBXFileReference; lastKnownFileType = wrapper.framework; name = CloudKit.framework; path = System/Library/Frameworks/CloudKit.framework; sourceTree = SDKROOT; };
		1FFB4F7B1B1535C100C6309C /* CoreData.framework */ = {isa = PBXFileReference; lastKnownFileType = wrapper.framework; name = CoreData.framework; path = System/Library/Frameworks/CoreData.framework; sourceTree = SDKROOT; };
		84B5B8421B15C81D00529756 /* MasterViewController.m */ = {isa = PBXFileReference; fileEncoding = 4; lastKnownFileType = sourcecode.c.objc; path = MasterViewController.m; sourceTree = "<group>"; };
/* End PBXFileReference section */

/* Begin PBXFrameworksBuildPhase section */
		1F095F271B0FB765000FE30A /* Frameworks */ = {
			isa = PBXFrameworksBuildPhase;
			buildActionMask = 2147483647;
			files = (
				1FFB4F7C1B1535C100C6309C /* CoreData.framework in Frameworks */,
				1FE6D9AE1B62686F00F921A6 /* CloudKit.framework in Frameworks */,
			);
			runOnlyForDeploymentPostprocessing = 0;
		};
		1F095F461B0FB765000FE30A /* Frameworks */ = {
			isa = PBXFrameworksBuildPhase;
			buildActionMask = 2147483647;
			files = (
			);
			runOnlyForDeploymentPostprocessing = 0;
		};
/* End PBXFrameworksBuildPhase section */

/* Begin PBXGroup section */
		1F0633A61B4091FC00110D26 /* TeamFinalResults */ = {
			isa = PBXGroup;
			children = (
				1F0633A81B40924000110D26 /* TeamDivResults */,
				1FD6B6541B1736AA00F05968 /* FinalResultsViewController.h */,
				1FD6B6551B1736AA00F05968 /* FinalResultsViewController.m */,
				1F0633A31B40853100110D26 /* TeamFinalResultsTableViewCell.h */,
				1F0633A41B40853100110D26 /* TeamFinalResultsTableViewCell.m */,
			);
			name = TeamFinalResults;
			sourceTree = "<group>";
		};
		1F0633A71B40923100110D26 /* DivFinalResults */ = {
			isa = PBXGroup;
			children = (
			);
			name = DivFinalResults;
			sourceTree = "<group>";
		};
		1F0633A81B40924000110D26 /* TeamDivResults */ = {
			isa = PBXGroup;
			children = (
				1F0633B21B409BAD00110D26 /* TeamEventResuts */,
				1F0633AC1B40953100110D26 /* TeamDivResultViewController.h */,
				1F0633AD1B40953100110D26 /* TeamDivResultViewController.m */,
				1F0633A91B40937100110D26 /* TeamDivResultTableViewCell.h */,
				1F0633AA1B40937100110D26 /* TeamDivResultTableViewCell.m */,
			);
			name = TeamDivResults;
			sourceTree = "<group>";
		};
		1F0633B21B409BAD00110D26 /* TeamEventResuts */ = {
			isa = PBXGroup;
			children = (
				1F0633B61B409CC000110D26 /* TeamCompetitorResults */,
				1F0633AF1B409B9600110D26 /* TeamEventResultsViewController.h */,
				1F0633B01B409B9600110D26 /* TeamEventResultsViewController.m */,
				1F0633B31B409C4500110D26 /* TeamEventResultTableViewCell.h */,
				1F0633B41B409C4500110D26 /* TeamEventResultTableViewCell.m */,
			);
			name = TeamEventResuts;
			sourceTree = "<group>";
		};
		1F0633B61B409CC000110D26 /* TeamCompetitorResults */ = {
			isa = PBXGroup;
			children = (
				1F0633BA1B409D4800110D26 /* TeamCompetitorResultsViewController.h */,
				1F0633BB1B409D4800110D26 /* TeamCompetitorResultsViewController.m */,
				1F0633B71B409CF500110D26 /* TeamCompetitorResultTableViewCell.h */,
				1F0633B81B409CF500110D26 /* TeamCompetitorResultTableViewCell.m */,
			);
			name = TeamCompetitorResults;
			sourceTree = "<group>";
		};
		1F095F211B0FB765000FE30A = {
			isa = PBXGroup;
			children = (
				1FE6D9AD1B62686F00F921A6 /* CloudKit.framework */,
				1FDEC0DA1B48D35400B1CB21 /* Lanes.jpg */,
				1FD6B63A1B170DC700F05968 /* TempCode */,
				1FFB4F7B1B1535C100C6309C /* CoreData.framework */,
				1F095F2C1B0FB765000FE30A /* Athletics Meet Manager */,
				1F095F4C1B0FB765000FE30A /* Athletics Meet ManagerTests */,
				1F095F2B1B0FB765000FE30A /* Products */,
			);
			sourceTree = "<group>";
		};
		1F095F2B1B0FB765000FE30A /* Products */ = {
			isa = PBXGroup;
			children = (
				1F095F2A1B0FB765000FE30A /* Athletics Meet Manager.app */,
				1F095F491B0FB765000FE30A /* Athletics Meet ManagerTests.xctest */,
			);
			name = Products;
			sourceTree = "<group>";
		};
		1F095F2C1B0FB765000FE30A /* Athletics Meet Manager */ = {
			isa = PBXGroup;
			children = (
				1FE6D9AC1B6267FB00F921A6 /* Athletics Meet Manager.entitlements */,
				1FD6B6581B1736D900F05968 /* DataObjects */,
				1FD6B6591B17372B00F05968 /* MainMenu */,
				1FD6B65A1B17377000F05968 /* MeetMenu */,
				1FD6B65C1B17387D00F05968 /* SetupDiv */,
				1FD6B65D1B17388F00F05968 /* SetupGEvents */,
				1FD6B65E1B1738A500F05968 /* SetupTeams */,
				1FD6B65F1B1738BB00F05968 /* EnterResults */,
				1FD6B6601B1738D400F05968 /* FinalResultsTables */,
				1F095F421B0FB765000FE30A /* LaunchScreen.xib */,
				1FD021FE1B13CA0400F40102 /* Athletics_Meet_Manager.xcdatamodeld */,
				1F095F3D1B0FB765000FE30A /* Main.storyboard */,
				1F095F401B0FB765000FE30A /* Images.xcassets */,
				1F095F2D1B0FB765000FE30A /* Supporting Files */,
			);
			path = "Athletics Meet Manager";
			sourceTree = "<group>";
		};
		1F095F2D1B0FB765000FE30A /* Supporting Files */ = {
			isa = PBXGroup;
			children = (
				1F095F311B0FB765000FE30A /* AppDelegate.h */,
				1F095F321B0FB765000FE30A /* AppDelegate.m */,
				1F095F2E1B0FB765000FE30A /* Info.plist */,
				1F095F2F1B0FB765000FE30A /* main.m */,
			);
			name = "Supporting Files";
			sourceTree = "<group>";
		};
		1F095F4C1B0FB765000FE30A /* Athletics Meet ManagerTests */ = {
			isa = PBXGroup;
			children = (
				1F095F4F1B0FB765000FE30A /* Athletics_Meet_ManagerTests.m */,
				1F095F4D1B0FB765000FE30A /* Supporting Files */,
			);
			path = "Athletics Meet ManagerTests";
			sourceTree = "<group>";
		};
		1F095F4D1B0FB765000FE30A /* Supporting Files */ = {
			isa = PBXGroup;
			children = (
				1F095F4E1B0FB765000FE30A /* Info.plist */,
			);
			name = "Supporting Files";
			sourceTree = "<group>";
		};
		1FA7E9E81B2C4C6000B924EF /* EnterScore */ = {
			isa = PBXGroup;
			children = (
				1FD6B6A01B1F429500F05968 /* CompetitorScoreEnterViewController.h */,
				1FD6B6A11B1F429500F05968 /* CompetitorScoreEnterViewController.m */,
				1FC88E7E1B39EEFD00BD0A23 /* HighJumpScoreEnterViewController.h */,
				1FC88E7F1B39EEFD00BD0A23 /* HighJumpScoreEnterViewController.m */,
			);
			name = EnterScore;
			sourceTree = "<group>";
		};
		1FD6B6571B1736B400F05968 /* MeetAdd */ = {
			isa = PBXGroup;
			children = (
				1FD6B6371B15DDD200F05968 /* MeetAddViewController.h */,
				1FD6B6381B15DDD200F05968 /* MeetAddViewController.m */,
			);
			name = MeetAdd;
			sourceTree = "<group>";
		};
		1FD6B6581B1736D900F05968 /* DataObjects */ = {
			isa = PBXGroup;
			children = (
				1F1A3EB21B6981EF00F8D950 /* Meet.h */,
				1F1A3EB31B6981EF00F8D950 /* Meet.m */,
				1F1A3EAF1B695AD400F8D950 /* Division.h */,
				1F1A3EB01B695AD400F8D950 /* Division.m */,
				1F1A3EAC1B695AD400F8D950 /* CEventScore.h */,
				1F1A3EAD1B695AD400F8D950 /* CEventScore.m */,
				1F1A3EA91B695AD300F8D950 /* GEvent.h */,
				1F1A3EAA1B695AD300F8D950 /* GEvent.m */,
				1F1A3EA61B695AD300F8D950 /* Competitor.h */,
				1F1A3EA71B695AD300F8D950 /* Competitor.m */,
				1F1A3EA31B695AD300F8D950 /* Team.h */,
				1F1A3EA41B695AD300F8D950 /* Team.m */,
				1F1A3E9D1B695AD200F8D950 /* Event.h */,
				1F1A3E9E1B695AD200F8D950 /* Event.m */,
			);
			name = DataObjects;
			sourceTree = "<group>";
		};
		1FD6B6591B17372B00F05968 /* MainMenu */ = {
			isa = PBXGroup;
			children = (
				1FD6B6571B1736B400F05968 /* MeetAdd */,
				1F095F371B0FB765000FE30A /* MasterViewController.h */,
				84B5B8421B15C81D00529756 /* MasterViewController.m */,
				1FD021F81B13BA6900F40102 /* MeetTableViewCell.h */,
				1FD021F91B13BA6900F40102 /* MeetTableViewCell.m */,
			);
			name = MainMenu;
			sourceTree = "<group>";
		};
		1FD6B65A1B17377000F05968 /* MeetMenu */ = {
			isa = PBXGroup;
			children = (
				1FD6B63F1B171F4200F05968 /* MeetMenuViewController.h */,
				1FD6B6401B171F4200F05968 /* MeetMenuViewController.m */,
				1FD6B6451B17224300F05968 /* MeetMenuViewCell.h */,
				1FD6B6461B17224300F05968 /* MeetMenuViewCell.m */,
			);
			name = MeetMenu;
			sourceTree = "<group>";
		};
		1FD6B65C1B17387D00F05968 /* SetupDiv */ = {
			isa = PBXGroup;
			children = (
				1FD6B6621B17435C00F05968 /* DivAdd */,
				1FD6B6481B17363C00F05968 /* SetupDivViewController.h */,
				1FD6B6491B17363C00F05968 /* SetupDivViewController.m */,
				1FD6B6661B1747FA00F05968 /* DivTableViewCell.h */,
				1FD6B6671B1747FA00F05968 /* DivTableViewCell.m */,
			);
			name = SetupDiv;
			sourceTree = "<group>";
		};
		1FD6B65D1B17388F00F05968 /* SetupGEvents */ = {
			isa = PBXGroup;
			children = (
				1FD6B6691B1883E900F05968 /* GEventAdd */,
				1FD6B64B1B17365300F05968 /* SetupGEventsViewController.h */,
				1FD6B64C1B17365300F05968 /* SetupGEventsViewController.m */,
				1FD6B6711B18851500F05968 /* GEventTableViewCell.h */,
				1FD6B6721B18851500F05968 /* GEventTableViewCell.m */,
			);
			name = SetupGEvents;
			sourceTree = "<group>";
		};
		1FD6B65E1B1738A500F05968 /* SetupTeams */ = {
			isa = PBXGroup;
			children = (
				1FD6B66A1B1883FF00F05968 /* TeamAdd */,
				1FD6B64E1B17366900F05968 /* SetupTeamsViewController.h */,
				1FD6B64F1B17366900F05968 /* SetupTeamsViewController.m */,
				1FD6B6741B18852E00F05968 /* TeamTableViewCell.h */,
				1FD6B6751B18852E00F05968 /* TeamTableViewCell.m */,
			);
			name = SetupTeams;
			sourceTree = "<group>";
		};
		1FD6B65F1B1738BB00F05968 /* EnterResults */ = {
			isa = PBXGroup;
			children = (
				1FD6B6951B1F36F200F05968 /* EventScoreSheet */,
				1FD6B6511B17368300F05968 /* EnterResultsViewController.h */,
				1FD6B6521B17368300F05968 /* EnterResultsViewController.m */,
				1FD6B6921B1F365900F05968 /* EventResultTableViewCell.h */,
				1FD6B6931B1F365900F05968 /* EventResultTableViewCell.m */,
			);
			name = EnterResults;
			sourceTree = "<group>";
		};
		1FD6B6601B1738D400F05968 /* FinalResultsTables */ = {
			isa = PBXGroup;
			children = (
				1F0633A71B40923100110D26 /* DivFinalResults */,
				1F0633A61B4091FC00110D26 /* TeamFinalResults */,
			);
			name = FinalResultsTables;
			sourceTree = "<group>";
		};
		1FD6B6621B17435C00F05968 /* DivAdd */ = {
			isa = PBXGroup;
			children = (
				1FD6B6631B17438500F05968 /* DivAddViewController.h */,
				1FD6B6641B17438500F05968 /* DivAddViewController.m */,
			);
			name = DivAdd;
			sourceTree = "<group>";
		};
		1FD6B6691B1883E900F05968 /* GEventAdd */ = {
			isa = PBXGroup;
			children = (
				1FD6B66B1B18847E00F05968 /* GEventAddViewController.h */,
				1FD6B66C1B18847E00F05968 /* GEventAddViewController.m */,
			);
			name = GEventAdd;
			sourceTree = "<group>";
		};
		1FD6B66A1B1883FF00F05968 /* TeamAdd */ = {
			isa = PBXGroup;
			children = (
				1FD6B6781B1E434900F05968 /* SetupCompetitors */,
				1FD6B66E1B1884E200F05968 /* TeamAddViewController.h */,
				1FD6B66F1B1884E200F05968 /* TeamAddViewController.m */,
			);
			name = TeamAdd;
			sourceTree = "<group>";
		};
		1FD6B6781B1E434900F05968 /* SetupCompetitors */ = {
			isa = PBXGroup;
			children = (
				1FD6B67F1B1E462C00F05968 /* CompetitorAdd */,
				1FD6B6791B1E44DE00F05968 /* SetupCompetitorsViewController.h */,
				1FD6B67A1B1E44DE00F05968 /* SetupCompetitorsViewController.m */,
				1FD6B67C1B1E453F00F05968 /* CompetitorTableViewCell.h */,
				1FD6B67D1B1E453F00F05968 /* CompetitorTableViewCell.m */,
			);
			name = SetupCompetitors;
			sourceTree = "<group>";
		};
		1FD6B67F1B1E462C00F05968 /* CompetitorAdd */ = {
			isa = PBXGroup;
			children = (
				1FD6B6831B1E54E100F05968 /* SetupEventsForC */,
				1FD6B6801B1E46CB00F05968 /* CompetitorAddViewController.h */,
				1FD6B6811B1E46CB00F05968 /* CompetitorAddViewController.m */,
			);
			name = CompetitorAdd;
			sourceTree = "<group>";
		};
		1FD6B6831B1E54E100F05968 /* SetupEventsForC */ = {
			isa = PBXGroup;
			children = (
				1FD6B68A1B1E556000F05968 /* EventForCAdd */,
				1FD6B6841B1E551F00F05968 /* SetupEventsForCViewController.h */,
				1FD6B6851B1E551F00F05968 /* SetupEventsForCViewController.m */,
				1FD6B6871B1E554B00F05968 /* EventForCTableViewCell.h */,
				1FD6B6881B1E554B00F05968 /* EventForCTableViewCell.m */,
			);
			name = SetupEventsForC;
			sourceTree = "<group>";
		};
		1FD6B68A1B1E556000F05968 /* EventForCAdd */ = {
			isa = PBXGroup;
			children = (
				1FD6B68E1B1E5BD800F05968 /* EventResultView */,
				1FD6B68B1B1E559C00F05968 /* EventForCAddViewController.h */,
				1FD6B68C1B1E559C00F05968 /* EventForCAddViewController.m */,
			);
			name = EventForCAdd;
			sourceTree = "<group>";
		};
		1FD6B68E1B1E5BD800F05968 /* EventResultView */ = {
			isa = PBXGroup;
			children = (
				1FD6B68F1B1E5C3600F05968 /* CEventResultViewController.h */,
				1FD6B6901B1E5C3600F05968 /* CEventResultViewController.m */,
				1FC88E841B3C9A2D00BD0A23 /* CEventResultTableViewCell.h */,
				1FC88E851B3C9A2D00BD0A23 /* CEventResultTableViewCell.m */,
			);
			name = EventResultView;
			sourceTree = "<group>";
		};
		1FD6B6951B1F36F200F05968 /* EventScoreSheet */ = {
			isa = PBXGroup;
			children = (
				1FA7E9E81B2C4C6000B924EF /* EnterScore */,
				1FD6B6991B1F375B00F05968 /* EventScoreAdd */,
				1FD6B6961B1F373100F05968 /* EventScoreSheetViewController.h */,
				1FD6B6971B1F373100F05968 /* EventScoreSheetViewController.m */,
				1FD6B69D1B1F37E300F05968 /* EventScoreTableViewCell.h */,
				1FD6B69E1B1F37E300F05968 /* EventScoreTableViewCell.m */,
			);
			name = EventScoreSheet;
			sourceTree = "<group>";
		};
		1FD6B6991B1F375B00F05968 /* EventScoreAdd */ = {
			isa = PBXGroup;
			children = (
				1FDA11EA1B2C96CE00CBE9E6 /* CompertitorAddInResultSheet */,
				1FD6B69A1B1F37A200F05968 /* EventScoreAddViewController.h */,
				1FD6B69B1B1F37A200F05968 /* EventScoreAddViewController.m */,
			);
			name = EventScoreAdd;
			sourceTree = "<group>";
		};
		1FDA11EA1B2C96CE00CBE9E6 /* CompertitorAddInResultSheet */ = {
			isa = PBXGroup;
			children = (
				1FDA11EB1B2C971200CBE9E6 /* CompetitorAddInResultSheetViewController.h */,
				1FDA11EC1B2C971200CBE9E6 /* CompetitorAddInResultSheetViewController.m */,
			);
			name = CompertitorAddInResultSheet;
			sourceTree = "<group>";
		};
/* End PBXGroup section */

/* Begin PBXNativeTarget section */
		1F095F291B0FB765000FE30A /* Athletics Meet Manager */ = {
			isa = PBXNativeTarget;
			buildConfigurationList = 1F095F531B0FB765000FE30A /* Build configuration list for PBXNativeTarget "Athletics Meet Manager" */;
			buildPhases = (
				1F095F261B0FB765000FE30A /* Sources */,
				1F095F271B0FB765000FE30A /* Frameworks */,
				1F095F281B0FB765000FE30A /* Resources */,
			);
			buildRules = (
			);
			dependencies = (
			);
			name = "Athletics Meet Manager";
			productName = "Athletics Meet Manager";
			productReference = 1F095F2A1B0FB765000FE30A /* Athletics Meet Manager.app */;
			productType = "com.apple.product-type.application";
		};
		1F095F481B0FB765000FE30A /* Athletics Meet ManagerTests */ = {
			isa = PBXNativeTarget;
			buildConfigurationList = 1F095F561B0FB765000FE30A /* Build configuration list for PBXNativeTarget "Athletics Meet ManagerTests" */;
			buildPhases = (
				1F095F451B0FB765000FE30A /* Sources */,
				1F095F461B0FB765000FE30A /* Frameworks */,
				1F095F471B0FB765000FE30A /* Resources */,
			);
			buildRules = (
			);
			dependencies = (
				1F095F4B1B0FB765000FE30A /* PBXTargetDependency */,
			);
			name = "Athletics Meet ManagerTests";
			productName = "Athletics Meet ManagerTests";
			productReference = 1F095F491B0FB765000FE30A /* Athletics Meet ManagerTests.xctest */;
			productType = "com.apple.product-type.bundle.unit-test";
		};
/* End PBXNativeTarget section */

/* Begin PBXProject section */
		1F095F221B0FB765000FE30A /* Project object */ = {
			isa = PBXProject;
			attributes = {
				LastUpgradeCheck = 0630;
				ORGANIZATIONNAME = "rudi huysamen";
				TargetAttributes = {
					1F095F291B0FB765000FE30A = {
						CreatedOnToolsVersion = 6.3.1;
						DevelopmentTeam = RWW5DYYTYE;
						SystemCapabilities = {
							com.apple.iCloud = {
								enabled = 1;
							};
						};
					};
					1F095F481B0FB765000FE30A = {
						CreatedOnToolsVersion = 6.3.1;
						TestTargetID = 1F095F291B0FB765000FE30A;
					};
				};
			};
			buildConfigurationList = 1F095F251B0FB765000FE30A /* Build configuration list for PBXProject "Athletics Meet Manager" */;
			compatibilityVersion = "Xcode 3.2";
			developmentRegion = English;
			hasScannedForEncodings = 0;
			knownRegions = (
				en,
				Base,
			);
			mainGroup = 1F095F211B0FB765000FE30A;
			productRefGroup = 1F095F2B1B0FB765000FE30A /* Products */;
			projectDirPath = "";
			projectRoot = "";
			targets = (
				1F095F291B0FB765000FE30A /* Athletics Meet Manager */,
				1F095F481B0FB765000FE30A /* Athletics Meet ManagerTests */,
			);
		};
/* End PBXProject section */

/* Begin PBXResourcesBuildPhase section */
		1F095F281B0FB765000FE30A /* Resources */ = {
			isa = PBXResourcesBuildPhase;
			buildActionMask = 2147483647;
			files = (
				1F54BD721B48E41D0046BA87 /* LaunchScreen.xib in Resources */,
				1F54BD711B48E3A70046BA87 /* Main.storyboard in Resources */,
				1FD6B63B1B170DC700F05968 /* TempCode in Resources */,
				1F095F411B0FB765000FE30A /* Images.xcassets in Resources */,
				1FDEC0DB1B48D35400B1CB21 /* Lanes.jpg in Resources */,
			);
			runOnlyForDeploymentPostprocessing = 0;
		};
		1F095F471B0FB765000FE30A /* Resources */ = {
			isa = PBXResourcesBuildPhase;
			buildActionMask = 2147483647;
			files = (
			);
			runOnlyForDeploymentPostprocessing = 0;
		};
/* End PBXResourcesBuildPhase section */

/* Begin PBXSourcesBuildPhase section */
		1F095F261B0FB765000FE30A /* Sources */ = {
			isa = PBXSourcesBuildPhase;
			buildActionMask = 2147483647;
			files = (
				1F0633B91B409CF500110D26 /* TeamCompetitorResultTableViewCell.m in Sources */,
				1F0633AE1B40953100110D26 /* TeamDivResultViewController.m in Sources */,
				1FD6B6A21B1F429500F05968 /* CompetitorScoreEnterViewController.m in Sources */,
				1FD6B6411B171F4200F05968 /* MeetMenuViewController.m in Sources */,
				1FC88E801B39EEFD00BD0A23 /* HighJumpScoreEnterViewController.m in Sources */,
				1FD6B69C1B1F37A200F05968 /* EventScoreAddViewController.m in Sources */,
				1FD6B6911B1E5C3600F05968 /* CEventResultViewController.m in Sources */,
				1FD021FA1B13BA6900F40102 /* MeetTableViewCell.m in Sources */,
				84B5B8431B15C81D00529756 /* MasterViewController.m in Sources */,
				1FD6B6501B17366900F05968 /* SetupTeamsViewController.m in Sources */,
				1F1A3EB11B695AD400F8D950 /* Division.m in Sources */,
				1FD6B64A1B17363C00F05968 /* SetupDivViewController.m in Sources */,
				1F1A3EB41B6981EF00F8D950 /* Meet.m in Sources */,
				1F1A3EA81B695AD300F8D950 /* Competitor.m in Sources */,
				1FD6B6701B1884E200F05968 /* TeamAddViewController.m in Sources */,
				1FD6B6471B17224300F05968 /* MeetMenuViewCell.m in Sources */,
				1FD6B68D1B1E559C00F05968 /* EventForCAddViewController.m in Sources */,
				1F095F331B0FB765000FE30A /* AppDelegate.m in Sources */,
				1FD6B6761B18852E00F05968 /* TeamTableViewCell.m in Sources */,
				1FD6B6941B1F365900F05968 /* EventResultTableViewCell.m in Sources */,
				1FD6B67E1B1E453F00F05968 /* CompetitorTableViewCell.m in Sources */,
				1FD6B64D1B17365300F05968 /* SetupGEventsViewController.m in Sources */,
				1FD6B6731B18851500F05968 /* GEventTableViewCell.m in Sources */,
				1FD6B6681B1747FA00F05968 /* DivTableViewCell.m in Sources */,
				1FC88E861B3C9A2D00BD0A23 /* CEventResultTableViewCell.m in Sources */,
				1FD6B6651B17438500F05968 /* DivAddViewController.m in Sources */,
				1F1A3EAE1B695AD400F8D950 /* CEventScore.m in Sources */,
				1FD6B6891B1E554B00F05968 /* EventForCTableViewCell.m in Sources */,
				1FD6B69F1B1F37E300F05968 /* EventScoreTableViewCell.m in Sources */,
				1F0633BC1B409D4800110D26 /* TeamCompetitorResultsViewController.m in Sources */,
				1FD6B6861B1E551F00F05968 /* SetupEventsForCViewController.m in Sources */,
				1FD6B6981B1F373100F05968 /* EventScoreSheetViewController.m in Sources */,
				1FD6B6821B1E46CB00F05968 /* CompetitorAddViewController.m in Sources */,
				1FDA11ED1B2C971200CBE9E6 /* CompetitorAddInResultSheetViewController.m in Sources */,
				1FD022001B13CA0500F40102 /* Athletics_Meet_Manager.xcdatamodeld in Sources */,
				1F095F301B0FB765000FE30A /* main.m in Sources */,
				1F1A3E9F1B695AD200F8D950 /* Event.m in Sources */,
				1F0633A51B40853100110D26 /* TeamFinalResultsTableViewCell.m in Sources */,
				1F0633B51B409C4500110D26 /* TeamEventResultTableViewCell.m in Sources */,
				1FD6B6561B1736AA00F05968 /* FinalResultsViewController.m in Sources */,
				1F1A3EA51B695AD300F8D950 /* Team.m in Sources */,
				1FD6B66D1B18847E00F05968 /* GEventAddViewController.m in Sources */,
				1F0633AB1B40937100110D26 /* TeamDivResultTableViewCell.m in Sources */,
				1F0633B11B409B9600110D26 /* TeamEventResultsViewController.m in Sources */,
				1F1A3EAB1B695AD300F8D950 /* GEvent.m in Sources */,
				1FD6B6531B17368300F05968 /* EnterResultsViewController.m in Sources */,
				1FD6B67B1B1E44DE00F05968 /* SetupCompetitorsViewController.m in Sources */,
				1FD6B6391B15DDD200F05968 /* MeetAddViewController.m in Sources */,
			);
			runOnlyForDeploymentPostprocessing = 0;
		};
		1F095F451B0FB765000FE30A /* Sources */ = {
			isa = PBXSourcesBuildPhase;
			buildActionMask = 2147483647;
			files = (
				1F095F501B0FB765000FE30A /* Athletics_Meet_ManagerTests.m in Sources */,
			);
			runOnlyForDeploymentPostprocessing = 0;
		};
/* End PBXSourcesBuildPhase section */

/* Begin PBXTargetDependency section */
		1F095F4B1B0FB765000FE30A /* PBXTargetDependency */ = {
			isa = PBXTargetDependency;
			target = 1F095F291B0FB765000FE30A /* Athletics Meet Manager */;
			targetProxy = 1F095F4A1B0FB765000FE30A /* PBXContainerItemProxy */;
		};
/* End PBXTargetDependency section */

/* Begin PBXVariantGroup section */
		1F095F3D1B0FB765000FE30A /* Main.storyboard */ = {
			isa = PBXVariantGroup;
			children = (
				1F095F3E1B0FB765000FE30A /* Base */,
			);
			name = Main.storyboard;
			sourceTree = "<group>";
		};
		1F095F421B0FB765000FE30A /* LaunchScreen.xib */ = {
			isa = PBXVariantGroup;
			children = (
				1F095F431B0FB765000FE30A /* Base */,
			);
			name = LaunchScreen.xib;
			sourceTree = "<group>";
		};
/* End PBXVariantGroup section */

/* Begin XCBuildConfiguration section */
		1F095F511B0FB765000FE30A /* Debug */ = {
			isa = XCBuildConfiguration;
			buildSettings = {
				ALWAYS_SEARCH_USER_PATHS = NO;
				CLANG_CXX_LANGUAGE_STANDARD = "gnu++0x";
				CLANG_CXX_LIBRARY = "libc++";
				CLANG_ENABLE_MODULES = YES;
				CLANG_ENABLE_OBJC_ARC = YES;
				CLANG_WARN_BOOL_CONVERSION = YES;
				CLANG_WARN_CONSTANT_CONVERSION = YES;
				CLANG_WARN_DIRECT_OBJC_ISA_USAGE = YES_ERROR;
				CLANG_WARN_EMPTY_BODY = YES;
				CLANG_WARN_ENUM_CONVERSION = YES;
				CLANG_WARN_INT_CONVERSION = YES;
				CLANG_WARN_OBJC_ROOT_CLASS = YES_ERROR;
				CLANG_WARN_UNREACHABLE_CODE = YES;
				CLANG_WARN__DUPLICATE_METHOD_MATCH = YES;
				"CODE_SIGN_IDENTITY[sdk=iphoneos*]" = "iPhone Developer";
				COPY_PHASE_STRIP = NO;
				DEBUG_INFORMATION_FORMAT = "dwarf-with-dsym";
				ENABLE_STRICT_OBJC_MSGSEND = YES;
				GCC_C_LANGUAGE_STANDARD = gnu99;
				GCC_DYNAMIC_NO_PIC = NO;
				GCC_NO_COMMON_BLOCKS = YES;
				GCC_OPTIMIZATION_LEVEL = 0;
				GCC_PREPROCESSOR_DEFINITIONS = (
					"DEBUG=1",
					"$(inherited)",
				);
				GCC_SYMBOLS_PRIVATE_EXTERN = NO;
				GCC_WARN_64_TO_32_BIT_CONVERSION = YES;
				GCC_WARN_ABOUT_RETURN_TYPE = YES_ERROR;
				GCC_WARN_UNDECLARED_SELECTOR = YES;
				GCC_WARN_UNINITIALIZED_AUTOS = YES_AGGRESSIVE;
				GCC_WARN_UNUSED_FUNCTION = YES;
				GCC_WARN_UNUSED_VARIABLE = YES;
				IPHONEOS_DEPLOYMENT_TARGET = 8.3;
				MTL_ENABLE_DEBUG_INFO = YES;
				ONLY_ACTIVE_ARCH = YES;
				SDKROOT = iphoneos;
			};
			name = Debug;
		};
		1F095F521B0FB765000FE30A /* Release */ = {
			isa = XCBuildConfiguration;
			buildSettings = {
				ALWAYS_SEARCH_USER_PATHS = NO;
				CLANG_CXX_LANGUAGE_STANDARD = "gnu++0x";
				CLANG_CXX_LIBRARY = "libc++";
				CLANG_ENABLE_MODULES = YES;
				CLANG_ENABLE_OBJC_ARC = YES;
				CLANG_WARN_BOOL_CONVERSION = YES;
				CLANG_WARN_CONSTANT_CONVERSION = YES;
				CLANG_WARN_DIRECT_OBJC_ISA_USAGE = YES_ERROR;
				CLANG_WARN_EMPTY_BODY = YES;
				CLANG_WARN_ENUM_CONVERSION = YES;
				CLANG_WARN_INT_CONVERSION = YES;
				CLANG_WARN_OBJC_ROOT_CLASS = YES_ERROR;
				CLANG_WARN_UNREACHABLE_CODE = YES;
				CLANG_WARN__DUPLICATE_METHOD_MATCH = YES;
				"CODE_SIGN_IDENTITY[sdk=iphoneos*]" = "iPhone Developer";
				COPY_PHASE_STRIP = NO;
				DEBUG_INFORMATION_FORMAT = "dwarf-with-dsym";
				ENABLE_NS_ASSERTIONS = NO;
				ENABLE_STRICT_OBJC_MSGSEND = YES;
				GCC_C_LANGUAGE_STANDARD = gnu99;
				GCC_NO_COMMON_BLOCKS = YES;
				GCC_WARN_64_TO_32_BIT_CONVERSION = YES;
				GCC_WARN_ABOUT_RETURN_TYPE = YES_ERROR;
				GCC_WARN_UNDECLARED_SELECTOR = YES;
				GCC_WARN_UNINITIALIZED_AUTOS = YES_AGGRESSIVE;
				GCC_WARN_UNUSED_FUNCTION = YES;
				GCC_WARN_UNUSED_VARIABLE = YES;
				IPHONEOS_DEPLOYMENT_TARGET = 8.3;
				MTL_ENABLE_DEBUG_INFO = NO;
				SDKROOT = iphoneos;
				VALIDATE_PRODUCT = YES;
			};
			name = Release;
		};
		1F095F541B0FB765000FE30A /* Debug */ = {
			isa = XCBuildConfiguration;
			buildSettings = {
				ASSETCATALOG_COMPILER_APPICON_NAME = AppIcon;
				CODE_SIGN_ENTITLEMENTS = "Athletics Meet Manager/Athletics Meet Manager.entitlements";
				CODE_SIGN_IDENTITY = "iPhone Developer";
				"CODE_SIGN_IDENTITY[sdk=iphoneos*]" = "iPhone Developer";
				INFOPLIST_FILE = "Athletics Meet Manager/Info.plist";
				IPHONEOS_DEPLOYMENT_TARGET = 8.0;
				LD_RUNPATH_SEARCH_PATHS = "$(inherited) @executable_path/Frameworks";
				PRODUCT_NAME = "$(TARGET_NAME)";
				PROVISIONING_PROFILE = "";
				TARGETED_DEVICE_FAMILY = "1,2";
			};
			name = Debug;
		};
		1F095F551B0FB765000FE30A /* Release */ = {
			isa = XCBuildConfiguration;
			buildSettings = {
				ASSETCATALOG_COMPILER_APPICON_NAME = AppIcon;
				CODE_SIGN_ENTITLEMENTS = "Athletics Meet Manager/Athletics Meet Manager.entitlements";
				CODE_SIGN_IDENTITY = "iPhone Developer";
				"CODE_SIGN_IDENTITY[sdk=iphoneos*]" = "iPhone Developer";
				INFOPLIST_FILE = "Athletics Meet Manager/Info.plist";
				IPHONEOS_DEPLOYMENT_TARGET = 8.0;
				LD_RUNPATH_SEARCH_PATHS = "$(inherited) @executable_path/Frameworks";
				PRODUCT_NAME = "Athletics Meet Manager";
				PROVISIONING_PROFILE = "";
				TARGETED_DEVICE_FAMILY = "1,2";
			};
			name = Release;
		};
		1F095F571B0FB765000FE30A /* Debug */ = {
			isa = XCBuildConfiguration;
			buildSettings = {
				BUNDLE_LOADER = "$(TEST_HOST)";
				FRAMEWORK_SEARCH_PATHS = (
					"$(SDKROOT)/Developer/Library/Frameworks",
					"$(inherited)",
				);
				GCC_PREPROCESSOR_DEFINITIONS = (
					"DEBUG=1",
					"$(inherited)",
				);
				INFOPLIST_FILE = "Athletics Meet ManagerTests/Info.plist";
				LD_RUNPATH_SEARCH_PATHS = "$(inherited) @executable_path/Frameworks @loader_path/Frameworks";
				PRODUCT_NAME = "$(TARGET_NAME)";
				TEST_HOST = "$(BUILT_PRODUCTS_DIR)/Athletics Meet Manager.app/Athletics Meet Manager";
			};
			name = Debug;
		};
		1F095F581B0FB765000FE30A /* Release */ = {
			isa = XCBuildConfiguration;
			buildSettings = {
				BUNDLE_LOADER = "$(TEST_HOST)";
				FRAMEWORK_SEARCH_PATHS = (
					"$(SDKROOT)/Developer/Library/Frameworks",
					"$(inherited)",
				);
				INFOPLIST_FILE = "Athletics Meet ManagerTests/Info.plist";
				LD_RUNPATH_SEARCH_PATHS = "$(inherited) @executable_path/Frameworks @loader_path/Frameworks";
				PRODUCT_NAME = "$(TARGET_NAME)";
				TEST_HOST = "$(BUILT_PRODUCTS_DIR)/Athletics Meet Manager.app/Athletics Meet Manager";
			};
			name = Release;
		};
/* End XCBuildConfiguration section */

/* Begin XCConfigurationList section */
		1F095F251B0FB765000FE30A /* Build configuration list for PBXProject "Athletics Meet Manager" */ = {
			isa = XCConfigurationList;
			buildConfigurations = (
				1F095F511B0FB765000FE30A /* Debug */,
				1F095F521B0FB765000FE30A /* Release */,
			);
			defaultConfigurationIsVisible = 0;
			defaultConfigurationName = Release;
		};
		1F095F531B0FB765000FE30A /* Build configuration list for PBXNativeTarget "Athletics Meet Manager" */ = {
			isa = XCConfigurationList;
			buildConfigurations = (
				1F095F541B0FB765000FE30A /* Debug */,
				1F095F551B0FB765000FE30A /* Release */,
			);
			defaultConfigurationIsVisible = 0;
			defaultConfigurationName = Release;
		};
		1F095F561B0FB765000FE30A /* Build configuration list for PBXNativeTarget "Athletics Meet ManagerTests" */ = {
			isa = XCConfigurationList;
			buildConfigurations = (
				1F095F571B0FB765000FE30A /* Debug */,
				1F095F581B0FB765000FE30A /* Release */,
			);
			defaultConfigurationIsVisible = 0;
			defaultConfigurationName = Release;
		};
/* End XCConfigurationList section */

/* Begin XCVersionGroup section */
		1FD021FE1B13CA0400F40102 /* Athletics_Meet_Manager.xcdatamodeld */ = {
			isa = XCVersionGroup;
			children = (
				1F1A3E9C1B6958BD00F8D950 /* Athletics_Meet_Manager 2.xcdatamodel */,
				1FD021FF1B13CA0500F40102 /* Athletics_Meet_Manager.xcdatamodel */,
			);
			currentVersion = 1F1A3E9C1B6958BD00F8D950 /* Athletics_Meet_Manager 2.xcdatamodel */;
			name = Athletics_Meet_Manager.xcdatamodeld;
			path = "../../../../programming/ios/Athletics Meet Manager/Athletics Meet Manager/Athletics_Meet_Manager.xcdatamodeld";
			sourceTree = "<group>";
			versionGroupType = wrapper.xcdatamodel;
		};
/* End XCVersionGroup section */
	};
	rootObject = 1F095F221B0FB765000FE30A /* Project object */;
}
