// !$*UTF8*$!
{
	archiveVersion = 1;
	classes = {
	};
	objectVersion = 46;
	objects = {

/* Begin PBXBuildFile section */
		1F095F301B0FB765000FE30A /* main.m in Sources */ = {isa = PBXBuildFile; fileRef = 1F095F2F1B0FB765000FE30A /* main.m */; };
		1F095F331B0FB765000FE30A /* AppDelegate.m in Sources */ = {isa = PBXBuildFile; fileRef = 1F095F321B0FB765000FE30A /* AppDelegate.m */; };
		1F095F3F1B0FB765000FE30A /* Main.storyboard in Resources */ = {isa = PBXBuildFile; fileRef = 1F095F3D1B0FB765000FE30A /* Main.storyboard */; };
		1F095F411B0FB765000FE30A /* Images.xcassets in Resources */ = {isa = PBXBuildFile; fileRef = 1F095F401B0FB765000FE30A /* Images.xcassets */; };
		1F095F441B0FB765000FE30A /* LaunchScreen.xib in Resources */ = {isa = PBXBuildFile; fileRef = 1F095F421B0FB765000FE30A /* LaunchScreen.xib */; };
		1F095F501B0FB765000FE30A /* Athletics_Meet_ManagerTests.m in Sources */ = {isa = PBXBuildFile; fileRef = 1F095F4F1B0FB765000FE30A /* Athletics_Meet_ManagerTests.m */; };
		1FD021FA1B13BA6900F40102 /* MeetTableViewCell.m in Sources */ = {isa = PBXBuildFile; fileRef = 1FD021F91B13BA6900F40102 /* MeetTableViewCell.m */; };
		1FD022001B13CA0500F40102 /* Athletics_Meet_Manager.xcdatamodeld in Sources */ = {isa = PBXBuildFile; fileRef = 1FD021FE1B13CA0400F40102 /* Athletics_Meet_Manager.xcdatamodeld */; };
		1FD6B6391B15DDD200F05968 /* MeetAddViewController.m in Sources */ = {isa = PBXBuildFile; fileRef = 1FD6B6381B15DDD200F05968 /* MeetAddViewController.m */; };
		1FFB4F621B15342900C6309C /* Event.m in Sources */ = {isa = PBXBuildFile; fileRef = 1FFB4F611B15342900C6309C /* Event.m */; };
		1FFB4F651B15342900C6309C /* GEvent.m in Sources */ = {isa = PBXBuildFile; fileRef = 1FFB4F641B15342900C6309C /* GEvent.m */; };
		1FFB4F681B15342A00C6309C /* Team.m in Sources */ = {isa = PBXBuildFile; fileRef = 1FFB4F671B15342A00C6309C /* Team.m */; };
		1FFB4F6B1B15342A00C6309C /* Division.m in Sources */ = {isa = PBXBuildFile; fileRef = 1FFB4F6A1B15342A00C6309C /* Division.m */; };
		1FFB4F6E1B15342B00C6309C /* Competitor.m in Sources */ = {isa = PBXBuildFile; fileRef = 1FFB4F6D1B15342B00C6309C /* Competitor.m */; };
		1FFB4F711B15342B00C6309C /* CEventScore.m in Sources */ = {isa = PBXBuildFile; fileRef = 1FFB4F701B15342B00C6309C /* CEventScore.m */; };
		1FFB4F7A1B15359500C6309C /* Meet.m in Sources */ = {isa = PBXBuildFile; fileRef = 1FFB4F791B15359500C6309C /* Meet.m */; };
		1FFB4F7C1B1535C100C6309C /* CoreData.framework in Frameworks */ = {isa = PBXBuildFile; fileRef = 1FFB4F7B1B1535C100C6309C /* CoreData.framework */; };
		84B5B8431B15C81D00529756 /* MasterViewController.m in Sources */ = {isa = PBXBuildFile; fileRef = 84B5B8421B15C81D00529756 /* MasterViewController.m */; };
		84B5B8461B15C83100529756 /* MeetViewController.m in Sources */ = {isa = PBXBuildFile; fileRef = 84B5B8451B15C83100529756 /* MeetViewController.m */; };
/* End PBXBuildFile section */

/* Begin PBXContainerItemProxy section */
		1F095F4A1B0FB765000FE30A /* PBXContainerItemProxy */ = {
			isa = PBXContainerItemProxy;
			containerPortal = 1F095F221B0FB765000FE30A /* Project object */;
			proxyType = 1;
			remoteGlobalIDString = 1F095F291B0FB765000FE30A;
			remoteInfo = "Athletics Meet Manager";
		};
/* End PBXContainerItemProxy section */

/* Begin PBXFileReference section */
		1F095F2A1B0FB765000FE30A /* Athletics Meet Manager.app */ = {isa = PBXFileReference; explicitFileType = wrapper.application; includeInIndex = 0; path = "Athletics Meet Manager.app"; sourceTree = BUILT_PRODUCTS_DIR; };
		1F095F2E1B0FB765000FE30A /* Info.plist */ = {isa = PBXFileReference; lastKnownFileType = text.plist.xml; path = Info.plist; sourceTree = "<group>"; };
		1F095F2F1B0FB765000FE30A /* main.m */ = {isa = PBXFileReference; lastKnownFileType = sourcecode.c.objc; path = main.m; sourceTree = "<group>"; };
		1F095F311B0FB765000FE30A /* AppDelegate.h */ = {isa = PBXFileReference; lastKnownFileType = sourcecode.c.h; path = AppDelegate.h; sourceTree = "<group>"; };
		1F095F321B0FB765000FE30A /* AppDelegate.m */ = {isa = PBXFileReference; lastKnownFileType = sourcecode.c.objc; path = AppDelegate.m; sourceTree = "<group>"; };
		1F095F371B0FB765000FE30A /* MasterViewController.h */ = {isa = PBXFileReference; lastKnownFileType = sourcecode.c.h; path = MasterViewController.h; sourceTree = "<group>"; };
		1F095F3E1B0FB765000FE30A /* Base */ = {isa = PBXFileReference; lastKnownFileType = file.storyboard; name = Base; path = Base.lproj/Main.storyboard; sourceTree = "<group>"; };
		1F095F401B0FB765000FE30A /* Images.xcassets */ = {isa = PBXFileReference; lastKnownFileType = folder.assetcatalog; path = Images.xcassets; sourceTree = "<group>"; };
		1F095F431B0FB765000FE30A /* Base */ = {isa = PBXFileReference; lastKnownFileType = file.xib; name = Base; path = Base.lproj/LaunchScreen.xib; sourceTree = "<group>"; };
		1F095F491B0FB765000FE30A /* Athletics Meet ManagerTests.xctest */ = {isa = PBXFileReference; explicitFileType = wrapper.cfbundle; includeInIndex = 0; path = "Athletics Meet ManagerTests.xctest"; sourceTree = BUILT_PRODUCTS_DIR; };
		1F095F4E1B0FB765000FE30A /* Info.plist */ = {isa = PBXFileReference; lastKnownFileType = text.plist.xml; path = Info.plist; sourceTree = "<group>"; };
		1F095F4F1B0FB765000FE30A /* Athletics_Meet_ManagerTests.m */ = {isa = PBXFileReference; lastKnownFileType = sourcecode.c.objc; path = Athletics_Meet_ManagerTests.m; sourceTree = "<group>"; };
		1FD021F81B13BA6900F40102 /* MeetTableViewCell.h */ = {isa = PBXFileReference; fileEncoding = 4; lastKnownFileType = sourcecode.c.h; path = MeetTableViewCell.h; sourceTree = "<group>"; };
		1FD021F91B13BA6900F40102 /* MeetTableViewCell.m */ = {isa = PBXFileReference; fileEncoding = 4; lastKnownFileType = sourcecode.c.objc; path = MeetTableViewCell.m; sourceTree = "<group>"; };
		1FD021FF1B13CA0500F40102 /* Athletics_Meet_Manager.xcdatamodel */ = {isa = PBXFileReference; lastKnownFileType = wrapper.xcdatamodel; path = Athletics_Meet_Manager.xcdatamodel; sourceTree = "<group>"; };
		1FD6B6371B15DDD200F05968 /* MeetAddViewController.h */ = {isa = PBXFileReference; fileEncoding = 4; lastKnownFileType = sourcecode.c.h; path = MeetAddViewController.h; sourceTree = "<group>"; };
		1FD6B6381B15DDD200F05968 /* MeetAddViewController.m */ = {isa = PBXFileReference; fileEncoding = 4; lastKnownFileType = sourcecode.c.objc; path = MeetAddViewController.m; sourceTree = "<group>"; };
		1FFB4F601B15342900C6309C /* Event.h */ = {isa = PBXFileReference; fileEncoding = 4; lastKnownFileType = sourcecode.c.h; path = Event.h; sourceTree = "<group>"; };
		1FFB4F611B15342900C6309C /* Event.m */ = {isa = PBXFileReference; fileEncoding = 4; lastKnownFileType = sourcecode.c.objc; path = Event.m; sourceTree = "<group>"; };
		1FFB4F631B15342900C6309C /* GEvent.h */ = {isa = PBXFileReference; fileEncoding = 4; lastKnownFileType = sourcecode.c.h; path = GEvent.h; sourceTree = "<group>"; };
		1FFB4F641B15342900C6309C /* GEvent.m */ = {isa = PBXFileReference; fileEncoding = 4; lastKnownFileType = sourcecode.c.objc; path = GEvent.m; sourceTree = "<group>"; };
		1FFB4F661B15342A00C6309C /* Team.h */ = {isa = PBXFileReference; fileEncoding = 4; lastKnownFileType = sourcecode.c.h; path = Team.h; sourceTree = "<group>"; };
		1FFB4F671B15342A00C6309C /* Team.m */ = {isa = PBXFileReference; fileEncoding = 4; lastKnownFileType = sourcecode.c.objc; path = Team.m; sourceTree = "<group>"; };
		1FFB4F691B15342A00C6309C /* Division.h */ = {isa = PBXFileReference; fileEncoding = 4; lastKnownFileType = sourcecode.c.h; path = Division.h; sourceTree = "<group>"; };
		1FFB4F6A1B15342A00C6309C /* Division.m */ = {isa = PBXFileReference; fileEncoding = 4; lastKnownFileType = sourcecode.c.objc; path = Division.m; sourceTree = "<group>"; };
		1FFB4F6C1B15342B00C6309C /* Competitor.h */ = {isa = PBXFileReference; fileEncoding = 4; lastKnownFileType = sourcecode.c.h; path = Competitor.h; sourceTree = "<group>"; };
		1FFB4F6D1B15342B00C6309C /* Competitor.m */ = {isa = PBXFileReference; fileEncoding = 4; lastKnownFileType = sourcecode.c.objc; path = Competitor.m; sourceTree = "<group>"; };
		1FFB4F6F1B15342B00C6309C /* CEventScore.h */ = {isa = PBXFileReference; fileEncoding = 4; lastKnownFileType = sourcecode.c.h; path = CEventScore.h; sourceTree = "<group>"; };
		1FFB4F701B15342B00C6309C /* CEventScore.m */ = {isa = PBXFileReference; fileEncoding = 4; lastKnownFileType = sourcecode.c.objc; path = CEventScore.m; sourceTree = "<group>"; };
		1FFB4F781B15359500C6309C /* Meet.h */ = {isa = PBXFileReference; fileEncoding = 4; lastKnownFileType = sourcecode.c.h; path = Meet.h; sourceTree = "<group>"; };
		1FFB4F791B15359500C6309C /* Meet.m */ = {isa = PBXFileReference; fileEncoding = 4; lastKnownFileType = sourcecode.c.objc; path = Meet.m; sourceTree = "<group>"; };
		1FFB4F7B1B1535C100C6309C /* CoreData.framework */ = {isa = PBXFileReference; lastKnownFileType = wrapper.framework; name = CoreData.framework; path = System/Library/Frameworks/CoreData.framework; sourceTree = SDKROOT; };
		84B5B8421B15C81D00529756 /* MasterViewController.m */ = {isa = PBXFileReference; fileEncoding = 4; lastKnownFileType = sourcecode.c.objc; path = MasterViewController.m; sourceTree = "<group>"; };
		84B5B8441B15C83100529756 /* MeetViewController.h */ = {isa = PBXFileReference; fileEncoding = 4; lastKnownFileType = sourcecode.c.h; path = MeetViewController.h; sourceTree = "<group>"; };
		84B5B8451B15C83100529756 /* MeetViewController.m */ = {isa = PBXFileReference; fileEncoding = 4; lastKnownFileType = sourcecode.c.objc; path = MeetViewController.m; sourceTree = "<group>"; };
/* End PBXFileReference section */

/* Begin PBXFrameworksBuildPhase section */
		1F095F271B0FB765000FE30A /* Frameworks */ = {
			isa = PBXFrameworksBuildPhase;
			buildActionMask = 2147483647;
			files = (
				1FFB4F7C1B1535C100C6309C /* CoreData.framework in Frameworks */,
			);
			runOnlyForDeploymentPostprocessing = 0;
		};
		1F095F461B0FB765000FE30A /* Frameworks */ = {
			isa = PBXFrameworksBuildPhase;
			buildActionMask = 2147483647;
			files = (
			);
			runOnlyForDeploymentPostprocessing = 0;
		};
/* End PBXFrameworksBuildPhase section */

/* Begin PBXGroup section */
		1F095F211B0FB765000FE30A = {
			isa = PBXGroup;
			children = (
				1FFB4F7B1B1535C100C6309C /* CoreData.framework */,
				1F095F2C1B0FB765000FE30A /* Athletics Meet Manager */,
				1F095F4C1B0FB765000FE30A /* Athletics Meet ManagerTests */,
				1F095F2B1B0FB765000FE30A /* Products */,
			);
			sourceTree = "<group>";
		};
		1F095F2B1B0FB765000FE30A /* Products */ = {
			isa = PBXGroup;
			children = (
				1F095F2A1B0FB765000FE30A /* Athletics Meet Manager.app */,
				1F095F491B0FB765000FE30A /* Athletics Meet ManagerTests.xctest */,
			);
			name = Products;
			sourceTree = "<group>";
		};
		1F095F2C1B0FB765000FE30A /* Athletics Meet Manager */ = {
			isa = PBXGroup;
			children = (
				1FFB4F781B15359500C6309C /* Meet.h */,
				1FFB4F791B15359500C6309C /* Meet.m */,
				1FFB4F6F1B15342B00C6309C /* CEventScore.h */,
				1FFB4F701B15342B00C6309C /* CEventScore.m */,
				1FFB4F6C1B15342B00C6309C /* Competitor.h */,
				1FFB4F6D1B15342B00C6309C /* Competitor.m */,
				1FFB4F691B15342A00C6309C /* Division.h */,
				1FFB4F6A1B15342A00C6309C /* Division.m */,
				1FFB4F661B15342A00C6309C /* Team.h */,
				1FFB4F671B15342A00C6309C /* Team.m */,
				1FFB4F631B15342900C6309C /* GEvent.h */,
				1FFB4F641B15342900C6309C /* GEvent.m */,
				1FFB4F601B15342900C6309C /* Event.h */,
				1FFB4F611B15342900C6309C /* Event.m */,
				1FD021F81B13BA6900F40102 /* MeetTableViewCell.h */,
				1FD021F91B13BA6900F40102 /* MeetTableViewCell.m */,
				84B5B8441B15C83100529756 /* MeetViewController.h */,
				84B5B8451B15C83100529756 /* MeetViewController.m */,
				1F095F311B0FB765000FE30A /* AppDelegate.h */,
				1F095F321B0FB765000FE30A /* AppDelegate.m */,
				1F095F371B0FB765000FE30A /* MasterViewController.h */,
				84B5B8421B15C81D00529756 /* MasterViewController.m */,
				1FD6B6371B15DDD200F05968 /* MeetAddViewController.h */,
				1FD6B6381B15DDD200F05968 /* MeetAddViewController.m */,
				1F095F401B0FB765000FE30A /* Images.xcassets */,
				1F095F421B0FB765000FE30A /* LaunchScreen.xib */,
				1F095F3D1B0FB765000FE30A /* Main.storyboard */,
				1FD021FE1B13CA0400F40102 /* Athletics_Meet_Manager.xcdatamodeld */,
				1F095F2D1B0FB765000FE30A /* Supporting Files */,
			);
			path = "Athletics Meet Manager";
			sourceTree = "<group>";
		};
		1F095F2D1B0FB765000FE30A /* Supporting Files */ = {
			isa = PBXGroup;
			children = (
				1F095F2E1B0FB765000FE30A /* Info.plist */,
				1F095F2F1B0FB765000FE30A /* main.m */,
			);
			name = "Supporting Files";
			sourceTree = "<group>";
		};
		1F095F4C1B0FB765000FE30A /* Athletics Meet ManagerTests */ = {
			isa = PBXGroup;
			children = (
				1F095F4F1B0FB765000FE30A /* Athletics_Meet_ManagerTests.m */,
				1F095F4D1B0FB765000FE30A /* Supporting Files */,
			);
			path = "Athletics Meet ManagerTests";
			sourceTree = "<group>";
		};
		1F095F4D1B0FB765000FE30A /* Supporting Files */ = {
			isa = PBXGroup;
			children = (
				1F095F4E1B0FB765000FE30A /* Info.plist */,
			);
			name = "Supporting Files";
			sourceTree = "<group>";
		};
/* End PBXGroup section */

/* Begin PBXNativeTarget section */
		1F095F291B0FB765000FE30A /* Athletics Meet Manager */ = {
			isa = PBXNativeTarget;
			buildConfigurationList = 1F095F531B0FB765000FE30A /* Build configuration list for PBXNativeTarget "Athletics Meet Manager" */;
			buildPhases = (
				1F095F261B0FB765000FE30A /* Sources */,
				1F095F271B0FB765000FE30A /* Frameworks */,
				1F095F281B0FB765000FE30A /* Resources */,
			);
			buildRules = (
			);
			dependencies = (
			);
			name = "Athletics Meet Manager";
			productName = "Athletics Meet Manager";
			productReference = 1F095F2A1B0FB765000FE30A /* Athletics Meet Manager.app */;
			productType = "com.apple.product-type.application";
		};
		1F095F481B0FB765000FE30A /* Athletics Meet ManagerTests */ = {
			isa = PBXNativeTarget;
			buildConfigurationList = 1F095F561B0FB765000FE30A /* Build configuration list for PBXNativeTarget "Athletics Meet ManagerTests" */;
			buildPhases = (
				1F095F451B0FB765000FE30A /* Sources */,
				1F095F461B0FB765000FE30A /* Frameworks */,
				1F095F471B0FB765000FE30A /* Resources */,
			);
			buildRules = (
			);
			dependencies = (
				1F095F4B1B0FB765000FE30A /* PBXTargetDependency */,
			);
			name = "Athletics Meet ManagerTests";
			productName = "Athletics Meet ManagerTests";
			productReference = 1F095F491B0FB765000FE30A /* Athletics Meet ManagerTests.xctest */;
			productType = "com.apple.product-type.bundle.unit-test";
		};
/* End PBXNativeTarget section */

/* Begin PBXProject section */
		1F095F221B0FB765000FE30A /* Project object */ = {
			isa = PBXProject;
			attributes = {
				LastUpgradeCheck = 0630;
				ORGANIZATIONNAME = "rudi huysamen";
				TargetAttributes = {
					1F095F291B0FB765000FE30A = {
						CreatedOnToolsVersion = 6.3.1;
					};
					1F095F481B0FB765000FE30A = {
						CreatedOnToolsVersion = 6.3.1;
						TestTargetID = 1F095F291B0FB765000FE30A;
					};
				};
			};
			buildConfigurationList = 1F095F251B0FB765000FE30A /* Build configuration list for PBXProject "Athletics Meet Manager" */;
			compatibilityVersion = "Xcode 3.2";
			developmentRegion = English;
			hasScannedForEncodings = 0;
			knownRegions = (
				en,
				Base,
			);
			mainGroup = 1F095F211B0FB765000FE30A;
			productRefGroup = 1F095F2B1B0FB765000FE30A /* Products */;
			projectDirPath = "";
			projectRoot = "";
			targets = (
				1F095F291B0FB765000FE30A /* Athletics Meet Manager */,
				1F095F481B0FB765000FE30A /* Athletics Meet ManagerTests */,
			);
		};
/* End PBXProject section */

/* Begin PBXResourcesBuildPhase section */
		1F095F281B0FB765000FE30A /* Resources */ = {
			isa = PBXResourcesBuildPhase;
			buildActionMask = 2147483647;
			files = (
				1F095F3F1B0FB765000FE30A /* Main.storyboard in Resources */,
				1F095F441B0FB765000FE30A /* LaunchScreen.xib in Resources */,
				1F095F411B0FB765000FE30A /* Images.xcassets in Resources */,
			);
			runOnlyForDeploymentPostprocessing = 0;
		};
		1F095F471B0FB765000FE30A /* Resources */ = {
			isa = PBXResourcesBuildPhase;
			buildActionMask = 2147483647;
			files = (
			);
			runOnlyForDeploymentPostprocessing = 0;
		};
/* End PBXResourcesBuildPhase section */

/* Begin PBXSourcesBuildPhase section */
		1F095F261B0FB765000FE30A /* Sources */ = {
			isa = PBXSourcesBuildPhase;
			buildActionMask = 2147483647;
			files = (
				1FFB4F7A1B15359500C6309C /* Meet.m in Sources */,
				1FFB4F681B15342A00C6309C /* Team.m in Sources */,
				84B5B8461B15C83100529756 /* MeetViewController.m in Sources */,
				1FFB4F6E1B15342B00C6309C /* Competitor.m in Sources */,
				1FD021FA1B13BA6900F40102 /* MeetTableViewCell.m in Sources */,
				84B5B8431B15C81D00529756 /* MasterViewController.m in Sources */,
				1FFB4F711B15342B00C6309C /* CEventScore.m in Sources */,
				1F095F331B0FB765000FE30A /* AppDelegate.m in Sources */,
				1FFB4F621B15342900C6309C /* Event.m in Sources */,
				1FFB4F651B15342900C6309C /* GEvent.m in Sources */,
				1FFB4F6B1B15342A00C6309C /* Division.m in Sources */,
				1FD022001B13CA0500F40102 /* Athletics_Meet_Manager.xcdatamodeld in Sources */,
				1F095F301B0FB765000FE30A /* main.m in Sources */,
				1FD6B6391B15DDD200F05968 /* MeetAddViewController.m in Sources */,
			);
			runOnlyForDeploymentPostprocessing = 0;
		};
		1F095F451B0FB765000FE30A /* Sources */ = {
			isa = PBXSourcesBuildPhase;
			buildActionMask = 2147483647;
			files = (
				1F095F501B0FB765000FE30A /* Athletics_Meet_ManagerTests.m in Sources */,
			);
			runOnlyForDeploymentPostprocessing = 0;
		};
/* End PBXSourcesBuildPhase section */

/* Begin PBXTargetDependency section */
		1F095F4B1B0FB765000FE30A /* PBXTargetDependency */ = {
			isa = PBXTargetDependency;
			target = 1F095F291B0FB765000FE30A /* Athletics Meet Manager */;
			targetProxy = 1F095F4A1B0FB765000FE30A /* PBXContainerItemProxy */;
		};
/* End PBXTargetDependency section */

/* Begin PBXVariantGroup section */
		1F095F3D1B0FB765000FE30A /* Main.storyboard */ = {
			isa = PBXVariantGroup;
			children = (
				1F095F3E1B0FB765000FE30A /* Base */,
			);
			name = Main.storyboard;
			sourceTree = "<group>";
		};
		1F095F421B0FB765000FE30A /* LaunchScreen.xib */ = {
			isa = PBXVariantGroup;
			children = (
				1F095F431B0FB765000FE30A /* Base */,
			);
			name = LaunchScreen.xib;
			sourceTree = "<group>";
		};
/* End PBXVariantGroup section */

/* Begin XCBuildConfiguration section */
		1F095F511B0FB765000FE30A /* Debug */ = {
			isa = XCBuildConfiguration;
			buildSettings = {
				ALWAYS_SEARCH_USER_PATHS = NO;
				CLANG_CXX_LANGUAGE_STANDARD = "gnu++0x";
				CLANG_CXX_LIBRARY = "libc++";
				CLANG_ENABLE_MODULES = YES;
				CLANG_ENABLE_OBJC_ARC = YES;
				CLANG_WARN_BOOL_CONVERSION = YES;
				CLANG_WARN_CONSTANT_CONVERSION = YES;
				CLANG_WARN_DIRECT_OBJC_ISA_USAGE = YES_ERROR;
				CLANG_WARN_EMPTY_BODY = YES;
				CLANG_WARN_ENUM_CONVERSION = YES;
				CLANG_WARN_INT_CONVERSION = YES;
				CLANG_WARN_OBJC_ROOT_CLASS = YES_ERROR;
				CLANG_WARN_UNREACHABLE_CODE = YES;
				CLANG_WARN__DUPLICATE_METHOD_MATCH = YES;
				"CODE_SIGN_IDENTITY[sdk=iphoneos*]" = "iPhone Developer";
				COPY_PHASE_STRIP = NO;
				DEBUG_INFORMATION_FORMAT = "dwarf-with-dsym";
				ENABLE_STRICT_OBJC_MSGSEND = YES;
				GCC_C_LANGUAGE_STANDARD = gnu99;
				GCC_DYNAMIC_NO_PIC = NO;
				GCC_NO_COMMON_BLOCKS = YES;
				GCC_OPTIMIZATION_LEVEL = 0;
				GCC_PREPROCESSOR_DEFINITIONS = (
					"DEBUG=1",
					"$(inherited)",
				);
				GCC_SYMBOLS_PRIVATE_EXTERN = NO;
				GCC_WARN_64_TO_32_BIT_CONVERSION = YES;
				GCC_WARN_ABOUT_RETURN_TYPE = YES_ERROR;
				GCC_WARN_UNDECLARED_SELECTOR = YES;
				GCC_WARN_UNINITIALIZED_AUTOS = YES_AGGRESSIVE;
				GCC_WARN_UNUSED_FUNCTION = YES;
				GCC_WARN_UNUSED_VARIABLE = YES;
				IPHONEOS_DEPLOYMENT_TARGET = 8.3;
				MTL_ENABLE_DEBUG_INFO = YES;
				ONLY_ACTIVE_ARCH = YES;
				SDKROOT = iphoneos;
			};
			name = Debug;
		};
		1F095F521B0FB765000FE30A /* Release */ = {
			isa = XCBuildConfiguration;
			buildSettings = {
				ALWAYS_SEARCH_USER_PATHS = NO;
				CLANG_CXX_LANGUAGE_STANDARD = "gnu++0x";
				CLANG_CXX_LIBRARY = "libc++";
				CLANG_ENABLE_MODULES = YES;
				CLANG_ENABLE_OBJC_ARC = YES;
				CLANG_WARN_BOOL_CONVERSION = YES;
				CLANG_WARN_CONSTANT_CONVERSION = YES;
				CLANG_WARN_DIRECT_OBJC_ISA_USAGE = YES_ERROR;
				CLANG_WARN_EMPTY_BODY = YES;
				CLANG_WARN_ENUM_CONVERSION = YES;
				CLANG_WARN_INT_CONVERSION = YES;
				CLANG_WARN_OBJC_ROOT_CLASS = YES_ERROR;
				CLANG_WARN_UNREACHABLE_CODE = YES;
				CLANG_WARN__DUPLICATE_METHOD_MATCH = YES;
				"CODE_SIGN_IDENTITY[sdk=iphoneos*]" = "iPhone Developer";
				COPY_PHASE_STRIP = NO;
				DEBUG_INFORMATION_FORMAT = "dwarf-with-dsym";
				ENABLE_NS_ASSERTIONS = NO;
				ENABLE_STRICT_OBJC_MSGSEND = YES;
				GCC_C_LANGUAGE_STANDARD = gnu99;
				GCC_NO_COMMON_BLOCKS = YES;
				GCC_WARN_64_TO_32_BIT_CONVERSION = YES;
				GCC_WARN_ABOUT_RETURN_TYPE = YES_ERROR;
				GCC_WARN_UNDECLARED_SELECTOR = YES;
				GCC_WARN_UNINITIALIZED_AUTOS = YES_AGGRESSIVE;
				GCC_WARN_UNUSED_FUNCTION = YES;
				GCC_WARN_UNUSED_VARIABLE = YES;
				IPHONEOS_DEPLOYMENT_TARGET = 8.3;
				MTL_ENABLE_DEBUG_INFO = NO;
				SDKROOT = iphoneos;
				VALIDATE_PRODUCT = YES;
			};
			name = Release;
		};
		1F095F541B0FB765000FE30A /* Debug */ = {
			isa = XCBuildConfiguration;
			buildSettings = {
				ASSETCATALOG_COMPILER_APPICON_NAME = AppIcon;
				INFOPLIST_FILE = "Athletics Meet Manager/Info.plist";
				LD_RUNPATH_SEARCH_PATHS = "$(inherited) @executable_path/Frameworks";
				PRODUCT_NAME = "$(TARGET_NAME)";
			};
			name = Debug;
		};
		1F095F551B0FB765000FE30A /* Release */ = {
			isa = XCBuildConfiguration;
			buildSettings = {
				ASSETCATALOG_COMPILER_APPICON_NAME = AppIcon;
				INFOPLIST_FILE = "Athletics Meet Manager/Info.plist";
				LD_RUNPATH_SEARCH_PATHS = "$(inherited) @executable_path/Frameworks";
				PRODUCT_NAME = "$(TARGET_NAME)";
			};
			name = Release;
		};
		1F095F571B0FB765000FE30A /* Debug */ = {
			isa = XCBuildConfiguration;
			buildSettings = {
				BUNDLE_LOADER = "$(TEST_HOST)";
				FRAMEWORK_SEARCH_PATHS = (
					"$(SDKROOT)/Developer/Library/Frameworks",
					"$(inherited)",
				);
				GCC_PREPROCESSOR_DEFINITIONS = (
					"DEBUG=1",
					"$(inherited)",
				);
				INFOPLIST_FILE = "Athletics Meet ManagerTests/Info.plist";
				LD_RUNPATH_SEARCH_PATHS = "$(inherited) @executable_path/Frameworks @loader_path/Frameworks";
				PRODUCT_NAME = "$(TARGET_NAME)";
				TEST_HOST = "$(BUILT_PRODUCTS_DIR)/Athletics Meet Manager.app/Athletics Meet Manager";
			};
			name = Debug;
		};
		1F095F581B0FB765000FE30A /* Release */ = {
			isa = XCBuildConfiguration;
			buildSettings = {
				BUNDLE_LOADER = "$(TEST_HOST)";
				FRAMEWORK_SEARCH_PATHS = (
					"$(SDKROOT)/Developer/Library/Frameworks",
					"$(inherited)",
				);
				INFOPLIST_FILE = "Athletics Meet ManagerTests/Info.plist";
				LD_RUNPATH_SEARCH_PATHS = "$(inherited) @executable_path/Frameworks @loader_path/Frameworks";
				PRODUCT_NAME = "$(TARGET_NAME)";
				TEST_HOST = "$(BUILT_PRODUCTS_DIR)/Athletics Meet Manager.app/Athletics Meet Manager";
			};
			name = Release;
		};
/* End XCBuildConfiguration section */

/* Begin XCConfigurationList section */
		1F095F251B0FB765000FE30A /* Build configuration list for PBXProject "Athletics Meet Manager" */ = {
			isa = XCConfigurationList;
			buildConfigurations = (
				1F095F511B0FB765000FE30A /* Debug */,
				1F095F521B0FB765000FE30A /* Release */,
			);
			defaultConfigurationIsVisible = 0;
			defaultConfigurationName = Release;
		};
		1F095F531B0FB765000FE30A /* Build configuration list for PBXNativeTarget "Athletics Meet Manager" */ = {
			isa = XCConfigurationList;
			buildConfigurations = (
				1F095F541B0FB765000FE30A /* Debug */,
				1F095F551B0FB765000FE30A /* Release */,
			);
			defaultConfigurationIsVisible = 0;
			defaultConfigurationName = Release;
		};
		1F095F561B0FB765000FE30A /* Build configuration list for PBXNativeTarget "Athletics Meet ManagerTests" */ = {
			isa = XCConfigurationList;
			buildConfigurations = (
				1F095F571B0FB765000FE30A /* Debug */,
				1F095F581B0FB765000FE30A /* Release */,
			);
			defaultConfigurationIsVisible = 0;
			defaultConfigurationName = Release;
		};
/* End XCConfigurationList section */

/* Begin XCVersionGroup section */
		1FD021FE1B13CA0400F40102 /* Athletics_Meet_Manager.xcdatamodeld */ = {
			isa = XCVersionGroup;
			children = (
				1FD021FF1B13CA0500F40102 /* Athletics_Meet_Manager.xcdatamodel */,
			);
			currentVersion = 1FD021FF1B13CA0500F40102 /* Athletics_Meet_Manager.xcdatamodel */;
			name = Athletics_Meet_Manager.xcdatamodeld;
			path = "../../../../programming/ios/Athletics Meet Manager/Athletics Meet Manager/Athletics_Meet_Manager.xcdatamodeld";
			sourceTree = "<group>";
			versionGroupType = wrapper.xcdatamodel;
		};
/* End XCVersionGroup section */
	};
	rootObject = 1F095F221B0FB765000FE30A /* Project object */;
}
